<?xml version="1.0" encoding="utf-8"?>
<Project ToolsVersion="4.0" xmlns="http://schemas.microsoft.com/developer/msbuild/2003">
  <ItemGroup>
    <Filter Include="Source Files">
      <UniqueIdentifier>{4FC737F1-C7A5-4376-A066-2A32D752A2FF}</UniqueIdentifier>
      <Extensions>cpp;cxx;c;def</Extensions>
    </Filter>
    <Filter Include="Header Files">
      <UniqueIdentifier>{93995380-89BD-4b04-88EB-625FBE52EBFB}</UniqueIdentifier>
      <Extensions>h</Extensions>
    </Filter>
    <Filter Include="Form Files">
      <UniqueIdentifier>{99349809-55BA-4b9d-BF79-8FDBB0286EB3}</UniqueIdentifier>
      <Extensions>ui</Extensions>
    </Filter>
    <Filter Include="Resource Files">
      <UniqueIdentifier>{D9D6E242-F8AF-46E4-B9FD-80ECBC20BA3E}</UniqueIdentifier>
      <Extensions>qrc;*</Extensions>
      <ParseFiles>false</ParseFiles>
    </Filter>
    <Filter Include="Generated Files">
      <UniqueIdentifier>{71ED8ED8-ACB9-4CE9-BBE1-E00B30144E11}</UniqueIdentifier>
      <Extensions>moc;h;cpp</Extensions>
      <SourceControlFiles>False</SourceControlFiles>
    </Filter>
  </ItemGroup>
  <ItemGroup>
    <ClCompile Include="localstorage.cpp">
      <Filter>Source Files</Filter>
    </ClCompile>
    <ClCompile Include="TNDataControlServer.cpp">
      <Filter>Source Files</Filter>
    </ClCompile>
    <ClCompile Include="LocalStorageCommon.cpp">
      <Filter>Source Files</Filter>
    </ClCompile>
    <ClCompile Include="TNFeed.cpp">
      <Filter>Source Files</Filter>
    </ClCompile>
    <ClCompile Include="TNVersion.cpp">
      <Filter>Source Files</Filter>
    </ClCompile>
    <ClCompile Include="TNMyStuff.cpp">
      <Filter>Source Files</Filter>
    </ClCompile>
    <ClCompile Include="TNJoinStuff.cpp">
      <Filter>Source Files</Filter>
    </ClCompile>
    <ClCompile Include="TNLoginUser.cpp">
      <Filter>Source Files</Filter>
    </ClCompile>
    <ClCompile Include="TNBMessage0.cpp">
      <Filter>Source Files</Filter>
    </ClCompile>
    <ClCompile Include="TNBaseTable.cpp">
      <Filter>Source Files</Filter>
    </ClCompile>
    <ClCompile Include="TNMessageFault.cpp">
      <Filter>Source Files</Filter>
    </ClCompile>
    <ClCompile Include="TNMessageOperate.cpp">
      <Filter>Source Files</Filter>
    </ClCompile>
    <ClCompile Include="TNChatAppList.cpp">
      <Filter>Source Files</Filter>
    </ClCompile>
    <ClCompile Include="TNChatSettings.cpp">
      <Filter>Source Files</Filter>
    </ClCompile>
    <ClCompile Include="TNMessageAppInfo.cpp">
      <Filter>Source Files</Filter>
    </ClCompile>
    <ClCompile Include="TNGroupInfo.cpp">
      <Filter>Source Files</Filter>
    </ClCompile>
    <ClCompile Include="TNGroupMember.cpp">
      <Filter>Source Files</Filter>
    </ClCompile>
    <ClCompile Include="TNSession.cpp">
      <Filter>Source Files</Filter>
    </ClCompile>
    <ClCompile Include="TNSessionBackground.cpp">
      <Filter>Source Files</Filter>
    </ClCompile>
    <ClCompile Include="TNColleagueGroup.cpp">
      <Filter>Source Files</Filter>
    </ClCompile>
    <ClCompile Include="TNColleagueRelation.cpp">
      <Filter>Source Files</Filter>
    </ClCompile>
    <ClCompile Include="TNSetUp.cpp">
      <Filter>Source Files</Filter>
    </ClCompile>
    <ClCompile Include="TNDbUtil.cpp">
      <Filter>Source Files</Filter>
    </ClCompile>
    <ClCompile Include="TNDataCache.cpp">
      <Filter>Source Files</Filter>
    </ClCompile>
    <ClCompile Include="GeneratedFiles\moc_TNDataCache.cpp">
      <Filter>Generated Files</Filter>
    </ClCompile>
    <ClCompile Include="TNBlackList.cpp">
      <Filter>Source Files</Filter>
    </ClCompile>
    <ClCompile Include="ConnectionPool.cpp">
      <Filter>Source Files</Filter>
    </ClCompile>
    <ClCompile Include="TNCompanyInfo.cpp">
      <Filter>Source Files</Filter>
    </ClCompile>
    <ClCompile Include="TNNewFriend.cpp">
      <Filter>Source Files</Filter>
    </ClCompile>
    <ClCompile Include="TNNewFriendUtil.cpp">
      <Filter>Source Files</Filter>
    </ClCompile>
    <ClCompile Include="tnfaceid.cpp">
      <Filter>Source Files</Filter>
    </ClCompile>
    <ClCompile Include="TNReadSessionReq.cpp">
      <Filter>Source Files</Filter>
    </ClCompile>
    <ClCompile Include="TNOwnerData.cpp">
      <Filter>Source Files</Filter>
    </ClCompile>
    <ClCompile Include="GeneratedFiles\moc_TNDataControlServer.cpp">
      <Filter>Generated Files</Filter>
    </ClCompile>
  </ItemGroup>
  <ItemGroup>
    <ClInclude Include="stdafx.h">
      <Filter>Header Files</Filter>
    </ClInclude>
    <ClInclude Include="localstorage.h">
      <Filter>Header Files</Filter>
    </ClInclude>
    <ClInclude Include="localstorage_global.h">
      <Filter>Header Files</Filter>
    </ClInclude>
    <ClInclude Include="TNNoticelistTable.h">
      <Filter>Header Files</Filter>
    </ClInclude>
    <ClInclude Include="TNNoticeDetailTable.h">
      <Filter>Header Files</Filter>
    </ClInclude>
    <ClInclude Include="LocalStorageCommon.h">
      <Filter>Header Files</Filter>
    </ClInclude>
    <ClInclude Include="TNFeed.h">
      <Filter>Header Files</Filter>
    </ClInclude>
    <ClInclude Include="TNVersion.h">
      <Filter>Header Files</Filter>
    </ClInclude>
    <ClInclude Include="TNMyStuff.h">
      <Filter>Header Files</Filter>
    </ClInclude>
    <ClInclude Include="TNJoinStuff.h">
      <Filter>Header Files</Filter>
    </ClInclude>
    <ClInclude Include="TNLoginUser.h">
      <Filter>Header Files</Filter>
    </ClInclude>
    <ClInclude Include="TNBMessage0.h">
      <Filter>Header Files</Filter>
    </ClInclude>
    <ClInclude Include="TNBaseTable.h">
      <Filter>Header Files</Filter>
    </ClInclude>
    <ClInclude Include="TNMessageFault.h">
      <Filter>Header Files</Filter>
    </ClInclude>
    <ClInclude Include="TNMessageOperate.h">
      <Filter>Header Files</Filter>
    </ClInclude>
    <ClInclude Include="TNChatAppList.h">
      <Filter>Header Files</Filter>
    </ClInclude>
    <ClInclude Include="TNChatSettings.h">
      <Filter>Header Files</Filter>
    </ClInclude>
    <ClInclude Include="TNMessageAppInfo.h">
      <Filter>Header Files</Filter>
    </ClInclude>
    <ClInclude Include="TNGroupInfo.h">
      <Filter>Header Files</Filter>
    </ClInclude>
    <ClInclude Include="TNGroupMember.h">
      <Filter>Header Files</Filter>
    </ClInclude>
    <ClInclude Include="TNSession.h">
      <Filter>Header Files</Filter>
    </ClInclude>
    <ClInclude Include="TNSessionBackground.h">
      <Filter>Header Files</Filter>
    </ClInclude>
    <ClInclude Include="TNColleagueGroup.h">
      <Filter>Header Files</Filter>
    </ClInclude>
    <ClInclude Include="TNColleagueRelation.h">
      <Filter>Header Files</Filter>
    </ClInclude>
    <ClInclude Include="TNSetUp.h">
      <Filter>Header Files</Filter>
    </ClInclude>
    <ClInclude Include="TNDbUtil.h">
      <Filter>Header Files</Filter>
    </ClInclude>
    <ClInclude Include="TNBlackList.h">
      <Filter>Header Files</Filter>
    </ClInclude>
    <ClInclude Include="ConnectionPool.h">
      <Filter>Header Files</Filter>
    </ClInclude>
    <ClInclude Include="TNCompanyInfo.h">
      <Filter>Header Files</Filter>
    </ClInclude>
    <ClInclude Include="TNNewFriend.h">
      <Filter>Header Files</Filter>
    </ClInclude>
    <ClInclude Include="TNNewFriendUtil.h">
      <Filter>Header Files</Filter>
    </ClInclude>
    <ClInclude Include="tnfaceid.h">
      <Filter>Header Files</Filter>
    </ClInclude>
    <ClInclude Include="TNReadSessionReq.h">
      <Filter>Header Files</Filter>
    </ClInclude>
  </ItemGroup>
  <ItemGroup>
    <CustomBuild Include="TNDataCache.h">
      <Filter>Header Files</Filter>
    </CustomBuild>
    <CustomBuild Include="TNOwnerData.h">
      <Filter>Header Files</Filter>
    </CustomBuild>
    <CustomBuild Include="TNDataControlServer.h">
      <Filter>Header Files</Filter>
    </CustomBuild>
  </ItemGroup>
</Project>