<?xml version="1.0" encoding="utf-8"?>
<Project ToolsVersion="4.0" xmlns="http://schemas.microsoft.com/developer/msbuild/2003">
  <ItemGroup>
    <Filter Include="Source Files">
      <UniqueIdentifier>{4FC737F1-C7A5-4376-A066-2A32D752A2FF}</UniqueIdentifier>
      <Extensions>cpp;cxx;c;def</Extensions>
    </Filter>
    <Filter Include="Header Files">
      <UniqueIdentifier>{93995380-89BD-4b04-88EB-625FBE52EBFB}</UniqueIdentifier>
      <Extensions>h</Extensions>
    </Filter>
    <Filter Include="Form Files">
      <UniqueIdentifier>{99349809-55BA-4b9d-BF79-8FDBB0286EB3}</UniqueIdentifier>
      <Extensions>ui</Extensions>
    </Filter>
    <Filter Include="Resource Files">
      <UniqueIdentifier>{D9D6E242-F8AF-46E4-B9FD-80ECBC20BA3E}</UniqueIdentifier>
      <Extensions>qrc;*</Extensions>
      <ParseFiles>false</ParseFiles>
    </Filter>
    <Filter Include="Generated Files">
      <UniqueIdentifier>{71ED8ED8-ACB9-4CE9-BBE1-E00B30144E11}</UniqueIdentifier>
      <Extensions>moc;h;cpp</Extensions>
      <SourceControlFiles>False</SourceControlFiles>
    </Filter>
    <Filter Include="Translation Files">
      <UniqueIdentifier>{639EADAA-A684-42e4-A9AD-28FC9BCB8F7C}</UniqueIdentifier>
      <Extensions>ts</Extensions>
      <ParseFiles>false</ParseFiles>
    </Filter>
  </ItemGroup>
  <ItemGroup>
    <ClCompile Include="main.cpp">
      <Filter>Source Files</Filter>
    </ClCompile>
    <ClCompile Include="GeneratedFiles\qrc_Toon.cpp">
      <Filter>Generated Files</Filter>
    </ClCompile>
    <ClCompile Include="TitleWidget.cpp">
      <Filter>Source Files</Filter>
    </ClCompile>
    <ClCompile Include="MenuArea.cpp">
      <Filter>Source Files</Filter>
    </ClCompile>
    <ClCompile Include="ListArea.cpp">
      <Filter>Source Files</Filter>
    </ClCompile>
    <ClCompile Include="DetailsArea.cpp">
      <Filter>Source Files</Filter>
    </ClCompile>
    <ClCompile Include="login.cpp">
      <Filter>Source Files</Filter>
    </ClCompile>
    <ClCompile Include="StateMachine.cpp">
      <Filter>Source Files</Filter>
    </ClCompile>
    <ClCompile Include="TNQRCodeLogin.cpp">
      <Filter>Source Files</Filter>
    </ClCompile>
    <ClCompile Include="GeneratedFiles\moc_Toon.cpp">
      <Filter>Generated Files</Filter>
    </ClCompile>
    <ClCompile Include="GeneratedFiles\moc_TNQRCodeLogin.cpp">
      <Filter>Generated Files</Filter>
    </ClCompile>
    <ClCompile Include="GeneratedFiles\moc_TitleWidget.cpp">
      <Filter>Generated Files</Filter>
    </ClCompile>
    <ClCompile Include="GeneratedFiles\moc_StateMachine.cpp">
      <Filter>Generated Files</Filter>
    </ClCompile>
    <ClCompile Include="GeneratedFiles\moc_MenuArea.cpp">
      <Filter>Generated Files</Filter>
    </ClCompile>
    <ClCompile Include="GeneratedFiles\moc_login.cpp">
      <Filter>Generated Files</Filter>
    </ClCompile>
    <ClCompile Include="GeneratedFiles\moc_ListArea.cpp">
      <Filter>Generated Files</Filter>
    </ClCompile>
    <ClCompile Include="GeneratedFiles\moc_DetailsArea.cpp">
      <Filter>Generated Files</Filter>
    </ClCompile>
    <ClCompile Include="GeneratedFiles\moc_TNCheckUpdateDialog.cpp">
      <Filter>Generated Files</Filter>
    </ClCompile>
    <ClCompile Include="GeneratedFiles\moc_TNCheckUpdateInfoDialog.cpp">
      <Filter>Generated Files</Filter>
    </ClCompile>
    <ClCompile Include="TNCheckUpdateDialog.cpp">
      <Filter>Source Files</Filter>
    </ClCompile>
    <ClCompile Include="TNCheckUpdateInfoDialog.cpp">
      <Filter>Source Files</Filter>
    </ClCompile>
    <ClCompile Include="TNAvatarChoice.cpp">
      <Filter>Source Files</Filter>
    </ClCompile>
    <ClCompile Include="GeneratedFiles\moc_TNAvatarChoice.cpp">
      <Filter>Generated Files</Filter>
    </ClCompile>
    <ClCompile Include="GeneratedFiles\moc_TNAvatarChoiceItem.cpp">
      <Filter>Generated Files</Filter>
    </ClCompile>
    <ClCompile Include="Avatar\TNAvatarChoiceItem.cpp">
      <Filter>Source Files</Filter>
    </ClCompile>
    <ClCompile Include="GeneratedFiles\moc_TNAvatarChoiceAdapter.cpp">
      <Filter>Generated Files</Filter>
    </ClCompile>
    <ClCompile Include="GeneratedFiles\moc_TNChoiceListItemDelegate.cpp">
      <Filter>Generated Files</Filter>
    </ClCompile>
    <ClCompile Include="Avatar\TNAvatarChoiceAdapter.cpp">
      <Filter>Source Files</Filter>
    </ClCompile>
    <ClCompile Include="Avatar\TNChoiceListItemDelegate.cpp">
      <Filter>Source Files</Filter>
    </ClCompile>
    <ClCompile Include="TNOfflineNoticeDialog.cpp">
      <Filter>Source Files</Filter>
    </ClCompile>
    <ClCompile Include="GeneratedFiles\moc_TNOfflineNoticeDialog.cpp">
      <Filter>Generated Files</Filter>
    </ClCompile>
    <ClCompile Include="unReadList\TNUnReadListDelegate.cpp">
      <Filter>Source Files</Filter>
    </ClCompile>
    <ClCompile Include="GeneratedFiles\moc_TNUnReadListDelegate.cpp">
      <Filter>Generated Files</Filter>
    </ClCompile>
    <ClCompile Include="unReadList\TNUnReadMsgAdapter.cpp">
      <Filter>Source Files</Filter>
    </ClCompile>
    <ClCompile Include="GeneratedFiles\moc_TNUnReadMsgAdapter.cpp">
      <Filter>Generated Files</Filter>
    </ClCompile>
    <ClCompile Include="unReadList\TNUnReadView.cpp">
      <Filter>Source Files</Filter>
    </ClCompile>
    <ClCompile Include="GeneratedFiles\moc_TNUnReadView.cpp">
      <Filter>Generated Files</Filter>
    </ClCompile>
    <ClCompile Include="SystemTray.cpp">
      <Filter>Source Files</Filter>
    </ClCompile>
    <ClCompile Include="GeneratedFiles\moc_SystemTray.cpp">
      <Filter>Generated Files</Filter>
    </ClCompile>
    <ClCompile Include="unReadList\TNCMsgTray.cpp">
      <Filter>Source Files</Filter>
    </ClCompile>
    <ClCompile Include="unReadList\TNSysTray.cpp">
      <Filter>Source Files</Filter>
    </ClCompile>
    <ClCompile Include="GeneratedFiles\moc_TNSysTray.cpp">
      <Filter>Generated Files</Filter>
    </ClCompile>
    <ClCompile Include="unReadList\TNWinTrayManger.cpp">
      <Filter>Source Files</Filter>
    </ClCompile>
    <ClCompile Include="GeneratedFiles\moc_TNWinTrayManger.cpp">
      <Filter>Generated Files</Filter>
    </ClCompile>
    <ClCompile Include="faceerrordialog.cpp">
      <Filter>Source Files</Filter>
    </ClCompile>
    <ClCompile Include="unReadList\TNUnReadMsgListW.cpp">
      <Filter>Source Files</Filter>
    </ClCompile>
    <ClCompile Include="GeneratedFiles\moc_TNUnReadMsgListW.cpp">
      <Filter>Generated Files</Filter>
    </ClCompile>
    <ClCompile Include="GeneratedFiles\moc_faceerrordialog.cpp">
      <Filter>Generated Files</Filter>
    </ClCompile>
    <ClCompile Include="Toon.cpp">
      <Filter>Source Files</Filter>
    </ClCompile>
    <ClCompile Include="Login\TNLoginUtil.cpp">
      <Filter>Source Files</Filter>
    </ClCompile>
    <ClCompile Include="Login\TNLoginWidget.cpp">
      <Filter>Source Files</Filter>
    </ClCompile>
    <ClCompile Include="GeneratedFiles\moc_TNLoginWidget.cpp">
      <Filter>Generated Files</Filter>
    </ClCompile>
    <ClCompile Include="Login\TNIdCodeTimer.cpp">
      <Filter>Source Files</Filter>
    </ClCompile>
    <ClCompile Include="GeneratedFiles\moc_TNIdCodeTimer.cpp">
      <Filter>Generated Files</Filter>
    </ClCompile>
    <ClCompile Include="TNOpForgetPsdTipDialog.cpp">
      <Filter>Source Files</Filter>
    </ClCompile>
    <ClCompile Include="GeneratedFiles\moc_TNOpForgetPsdTipDialog.cpp">
      <Filter>Generated Files</Filter>
    </ClCompile>
    <ClCompile Include="singleapplication.cpp">
      <Filter>Source Files</Filter>
    </ClCompile>
    <ClCompile Include="GeneratedFiles\moc_singleapplication.cpp">
      <Filter>Generated Files</Filter>
    </ClCompile>
    <ClCompile Include="GeneratedFiles\moc_toonapplication.cpp">
      <Filter>Generated Files</Filter>
    </ClCompile>
  </ItemGroup>
  <ItemGroup>
    <ClInclude Include="stdafx.h">
      <Filter>Header Files</Filter>
    </ClInclude>
    <ClInclude Include="common.h">
      <Filter>Header Files</Filter>
    </ClInclude>
    <ClInclude Include="GeneratedFiles\ui_LoginBody.h">
      <Filter>Generated Files</Filter>
    </ClInclude>
    <ClInclude Include="GeneratedFiles\ui_TNCheckUpdateDialog.h">
      <Filter>Generated Files</Filter>
    </ClInclude>
    <ClInclude Include="GeneratedFiles\ui_TNCheckUpdateInfoDialog.h">
      <Filter>Generated Files</Filter>
    </ClInclude>
    <ClInclude Include="resource.h">
      <Filter>Header Files</Filter>
    </ClInclude>
    <ClInclude Include="GeneratedFiles\ui_TNAvatarChoice.h">
      <Filter>Generated Files</Filter>
    </ClInclude>
    <ClInclude Include="GeneratedFiles\ui_TNOfflineNoticeDialog.h">
      <Filter>Generated Files</Filter>
    </ClInclude>
    <ClInclude Include="unReadList\TNCMsgTray.h">
      <Filter>Header Files</Filter>
    </ClInclude>
    <ClInclude Include="GeneratedFiles\ui_faceerrordialog.h">
      <Filter>Header Files</Filter>
    </ClInclude>
    <ClInclude Include="GeneratedFiles\ui_TNUnReadMsgListW.h">
      <Filter>Generated Files</Filter>
    </ClInclude>
    <ClInclude Include="GeneratedFiles\ui_LoginForm.h">
      <Filter>Generated Files</Filter>
    </ClInclude>
    <ClInclude Include="GeneratedFiles\ui_NewDeviceLoginForm.h">
      <Filter>Generated Files</Filter>
    </ClInclude>
    <ClInclude Include="GeneratedFiles\ui_QRCodeScanForm01.h">
      <Filter>Generated Files</Filter>
    </ClInclude>
    <ClInclude Include="GeneratedFiles\ui_QRCodeScanForm02.h">
      <Filter>Generated Files</Filter>
    </ClInclude>
    <ClInclude Include="GeneratedFiles\ui_ResetPasswordForm01.h">
      <Filter>Generated Files</Filter>
    </ClInclude>
    <ClInclude Include="GeneratedFiles\ui_ResetPasswordForm02.h">
      <Filter>Generated Files</Filter>
    </ClInclude>
    <ClInclude Include="GeneratedFiles\ui_ResetPasswordForm03.h">
      <Filter>Generated Files</Filter>
    </ClInclude>
    <ClInclude Include="Login\TNLoginUtil.h">
      <Filter>Header Files</Filter>
    </ClInclude>
    <ClInclude Include="GeneratedFiles\ui_TNLoginWidget.h">
      <Filter>Generated Files</Filter>
    </ClInclude>
    <ClInclude Include="GeneratedFiles\ui_TNOpForgetPsdTipDialog.h">
      <Filter>Generated Files</Filter>
    </ClInclude>
  </ItemGroup>
  <ItemGroup>
    <CustomBuild Include="Toon.h">
      <Filter>Header Files</Filter>
    </CustomBuild>
    <CustomBuild Include="Toon.qrc">
      <Filter>Resource Files</Filter>
    </CustomBuild>
    <CustomBuild Include="TitleWidget.h">
      <Filter>Header Files</Filter>
    </CustomBuild>
    <CustomBuild Include="MenuArea.h">
      <Filter>Header Files</Filter>
    </CustomBuild>
    <CustomBuild Include="ListArea.h">
      <Filter>Header Files</Filter>
    </CustomBuild>
    <CustomBuild Include="DetailsArea.h">
      <Filter>Header Files</Filter>
    </CustomBuild>
    <CustomBuild Include="login.h">
      <Filter>Header Files</Filter>
    </CustomBuild>
    <CustomBuild Include="LoginBody.ui">
      <Filter>Form Files</Filter>
    </CustomBuild>
    <CustomBuild Include="StateMachine.h">
      <Filter>Header Files</Filter>
    </CustomBuild>
    <CustomBuild Include="TNQRCodeLogin.h">
      <Filter>Header Files</Filter>
    </CustomBuild>
    <CustomBuild Include="TNCheckUpdateDialog.ui">
      <Filter>Form Files</Filter>
    </CustomBuild>
    <CustomBuild Include="TNCheckUpdateInfoDialog.ui">
      <Filter>Form Files</Filter>
    </CustomBuild>
    <CustomBuild Include="TNCheckUpdateDialog.h">
      <Filter>Header Files</Filter>
    </CustomBuild>
    <CustomBuild Include="TNCheckUpdateInfoDialog.h">
      <Filter>Header Files</Filter>
    </CustomBuild>
    <CustomBuild Include="TNAvatarChoice.h">
      <Filter>Header Files</Filter>
    </CustomBuild>
    <CustomBuild Include="TNAvatarChoice.ui">
      <Filter>Form Files</Filter>
    </CustomBuild>
    <CustomBuild Include="Avatar\TNAvatarChoiceItem.ui">
      <Filter>Form Files</Filter>
    </CustomBuild>
    <CustomBuild Include="Avatar\TNAvatarChoiceItem.h">
      <Filter>Header Files</Filter>
    </CustomBuild>
    <CustomBuild Include="Avatar\TNAvatarChoiceAdapter.h">
      <Filter>Header Files</Filter>
    </CustomBuild>
    <CustomBuild Include="Avatar\TNChoiceListItemDelegate.h">
      <Filter>Header Files</Filter>
    </CustomBuild>
    <CustomBuild Include="TNOfflineNoticeDialog.h">
      <Filter>Source Files</Filter>
    </CustomBuild>
    <CustomBuild Include="TNOfflineNoticeDialog.ui">
      <Filter>Form Files</Filter>
    </CustomBuild>
    <CustomBuild Include="unReadList\TNUnReadListDelegate.h">
      <Filter>Header Files</Filter>
    </CustomBuild>
    <CustomBuild Include="unReadList\TNUnReadMsgAdapter.h">
      <Filter>Header Files</Filter>
    </CustomBuild>
    <CustomBuild Include="unReadList\TNUnReadView.h">
      <Filter>Header Files</Filter>
    </CustomBuild>
    <CustomBuild Include="SystemTray.h">
      <Filter>Header Files</Filter>
    </CustomBuild>
    <CustomBuild Include="unReadList\TNSysTray.h">
      <Filter>Header Files</Filter>
    </CustomBuild>
    <CustomBuild Include="unReadList\TNWinTrayManger.h">
      <Filter>Header Files</Filter>
    </CustomBuild>
    <CustomBuild Include="faceerrordialog.h">
      <Filter>Header Files</Filter>
    </CustomBuild>
    <CustomBuild Include="faceerrordialog.ui">
      <Filter>Form Files</Filter>
    </CustomBuild>
    <CustomBuild Include="unReadList\TNUnReadMsgListW.h">
      <Filter>Header Files</Filter>
    </CustomBuild>
    <CustomBuild Include="unReadList\TNUnReadMsgListW.ui">
      <Filter>Form Files</Filter>
    </CustomBuild>
    <CustomBuild Include="Login\LoginForm.ui">
      <Filter>Form Files</Filter>
    </CustomBuild>
    <CustomBuild Include="Login\NewDeviceLoginForm.ui">
      <Filter>Form Files</Filter>
    </CustomBuild>
    <CustomBuild Include="Login\QRCodeScanForm01.ui">
      <Filter>Form Files</Filter>
    </CustomBuild>
    <CustomBuild Include="Login\QRCodeScanForm02.ui">
      <Filter>Form Files</Filter>
    </CustomBuild>
    <CustomBuild Include="Login\ResetPasswordForm01.ui">
      <Filter>Form Files</Filter>
    </CustomBuild>
    <CustomBuild Include="Login\ResetPasswordForm02.ui">
      <Filter>Form Files</Filter>
    </CustomBuild>
    <CustomBuild Include="Login\ResetPasswordForm03.ui">
      <Filter>Form Files</Filter>
    </CustomBuild>
    <CustomBuild Include="Login\TNLoginWidget.h">
      <Filter>Header Files</Filter>
    </CustomBuild>
    <CustomBuild Include="Login\TNLoginWidget.ui">
      <Filter>Form Files</Filter>
    </CustomBuild>
    <CustomBuild Include="Login\TNIdCodeTimer.h">
      <Filter>Header Files</Filter>
    </CustomBuild>
    <CustomBuild Include="TNOpForgetPsdTipDialog.ui">
      <Filter>Form Files</Filter>
    </CustomBuild>
    <CustomBuild Include="TNOpForgetPsdTipDialog.h">
      <Filter>Header Files</Filter>
    </CustomBuild>
    <CustomBuild Include="singleapplication.h">
      <Filter>Header Files</Filter>
    </CustomBuild>
    <CustomBuild Include="toonapplication.h">
      <Filter>Header Files</Filter>
    </CustomBuild>
  </ItemGroup>
  <ItemGroup>
    <Image Include="Toon.ico" />
  </ItemGroup>
  <ItemGroup>
    <None Include="toon_en.ts">
      <Filter>Translation Files</Filter>
    </None>
    <None Include="toon_zh.ts">
      <Filter>Translation Files</Filter>
    </None>
    <None Include="toon_tc.ts">
      <Filter>Translation Files</Filter>
    </None>
  </ItemGroup>
</Project>