<?xml version="1.0" encoding="utf-8"?>
<Project ToolsVersion="4.0" xmlns="http://schemas.microsoft.com/developer/msbuild/2003">
  <ItemGroup>
    <Filter Include="Source Files">
      <UniqueIdentifier>{4FC737F1-C7A5-4376-A066-2A32D752A2FF}</UniqueIdentifier>
      <Extensions>cpp;cxx;c;def</Extensions>
    </Filter>
    <Filter Include="Header Files">
      <UniqueIdentifier>{93995380-89BD-4b04-88EB-625FBE52EBFB}</UniqueIdentifier>
      <Extensions>h</Extensions>
    </Filter>
    <Filter Include="Form Files">
      <UniqueIdentifier>{99349809-55BA-4b9d-BF79-8FDBB0286EB3}</UniqueIdentifier>
      <Extensions>ui</Extensions>
    </Filter>
    <Filter Include="Generated Files">
      <UniqueIdentifier>{71ED8ED8-ACB9-4CE9-BBE1-E00B30144E11}</UniqueIdentifier>
      <Extensions>moc;h;cpp</Extensions>
      <SourceControlFiles>False</SourceControlFiles>
    </Filter>
    <Filter Include="Resource Files">
      <UniqueIdentifier>{D9D6E242-F8AF-46E4-B9FD-80ECBC20BA3E}</UniqueIdentifier>
      <Extensions>qrc;*</Extensions>
      <ParseFiles>false</ParseFiles>
    </Filter>
  </ItemGroup>
  <ItemGroup>
    <ClCompile Include="imcore.cpp">
      <Filter>Source Files</Filter>
    </ClCompile>
    <ClCompile Include="ctnimclienttnmp.cpp">
      <Filter>Source Files</Filter>
    </ClCompile>
    <ClCompile Include="tncmessage.cpp">
      <Filter>Source Files</Filter>
    </ClCompile>
    <ClCompile Include="tnimutil.cpp">
      <Filter>Source Files</Filter>
    </ClCompile>
    <ClCompile Include="tnmessagebody.cpp">
      <Filter>Source Files</Filter>
    </ClCompile>
    <ClCompile Include="tnnotifycenter.cpp">
      <Filter>Source Files</Filter>
    </ClCompile>
    <ClCompile Include="TNIMCoreClient.cpp">
      <Filter>Source Files</Filter>
    </ClCompile>
    <ClCompile Include="TNIMCoreProcessor.cpp">
      <Filter>Source Files</Filter>
    </ClCompile>
    <ClCompile Include="TNIMNoticeProcessor.cpp">
      <Filter>Source Files</Filter>
    </ClCompile>
    <ClCompile Include="TNUserDataHelper.cpp">
      <Filter>Source Files</Filter>
    </ClCompile>
    <ClCompile Include="TNNoticeUpdater.cpp">
      <Filter>Source Files</Filter>
    </ClCompile>
    <ClCompile Include="TNUserVersionInfo.cpp">
      <Filter>Source Files</Filter>
    </ClCompile>
    <ClCompile Include="GeneratedFiles\moc_TNUserDataHelper.cpp">
      <Filter>Generated Files</Filter>
    </ClCompile>
    <ClCompile Include="GeneratedFiles\moc_tnnotifycenter.cpp">
      <Filter>Generated Files</Filter>
    </ClCompile>
    <ClCompile Include="GeneratedFiles\moc_TNNoticeUpdater.cpp">
      <Filter>Generated Files</Filter>
    </ClCompile>
    <ClCompile Include="GeneratedFiles\moc_TNIMCoreProcessor.cpp">
      <Filter>Generated Files</Filter>
    </ClCompile>
    <ClCompile Include="GeneratedFiles\moc_TNIMCoreClient.cpp">
      <Filter>Generated Files</Filter>
    </ClCompile>
    <ClCompile Include="TNIMMessageOperater.cpp">
      <Filter>Source Files</Filter>
    </ClCompile>
    <ClCompile Include="TNIMMsgManager.cpp">
      <Filter>Source Files</Filter>
    </ClCompile>
    <ClCompile Include="GeneratedFiles\moc_TNIMMsgManager.cpp">
      <Filter>Generated Files</Filter>
    </ClCompile>
    <ClCompile Include="TNIMReadSessionManager.cpp">
      <Filter>Source Files</Filter>
    </ClCompile>
    <ClCompile Include="GeneratedFiles\moc_TNIMReadSessionManager.cpp">
      <Filter>Generated Files</Filter>
    </ClCompile>
    <ClCompile Include="TNIMSDKClient.cpp">
      <Filter>Source Files</Filter>
    </ClCompile>
  </ItemGroup>
  <ItemGroup>
    <ClInclude Include="imcore.h">
      <Filter>Header Files</Filter>
    </ClInclude>
    <ClInclude Include="ctnimclienttnmp.h">
      <Filter>Header Files</Filter>
    </ClInclude>
    <ClInclude Include="tncmessage.h">
      <Filter>Header Files</Filter>
    </ClInclude>
    <ClInclude Include="tnimutil.h">
      <Filter>Header Files</Filter>
    </ClInclude>
    <ClInclude Include="tnmessagebody.h">
      <Filter>Header Files</Filter>
    </ClInclude>
    <ClInclude Include="imcore_global.h">
      <Filter>Header Files</Filter>
    </ClInclude>
    <ClInclude Include="TNIMNoticeProcessor.h">
      <Filter>Header Files</Filter>
    </ClInclude>
    <ClInclude Include="TNUserVersionInfo.h">
      <Filter>Header Files</Filter>
    </ClInclude>
    <ClInclude Include="TNIMMessageOperater.h">
      <Filter>Header Files</Filter>
    </ClInclude>
    <ClInclude Include="TNIMSDKClient.h">
      <Filter>Header Files</Filter>
    </ClInclude>
  </ItemGroup>
  <ItemGroup>
    <CustomBuild Include="tnnotifycenter.h">
      <Filter>Header Files</Filter>
    </CustomBuild>
    <CustomBuild Include="TNUserDataHelper.h">
      <Filter>Header Files</Filter>
    </CustomBuild>
    <CustomBuild Include="TNNoticeUpdater.h">
      <Filter>Header Files</Filter>
    </CustomBuild>
    <CustomBuild Include="TNIMCoreClient.h">
      <Filter>Header Files</Filter>
    </CustomBuild>
    <CustomBuild Include="TNIMCoreProcessor.h">
      <Filter>Header Files</Filter>
    </CustomBuild>
    <CustomBuild Include="TNIMMsgManager.h">
      <Filter>Header Files</Filter>
    </CustomBuild>
    <CustomBuild Include="TNIMReadSessionManager.h">
      <Filter>Header Files</Filter>
    </CustomBuild>
  </ItemGroup>
</Project>