<?xml version="1.0" encoding="utf-8"?>
<Project ToolsVersion="4.0" xmlns="http://schemas.microsoft.com/developer/msbuild/2003">
  <ItemGroup>
    <ClCompile Include="TNProgressLoading.cpp">
      <Filter>Source Files</Filter>
    </ClCompile>
    <ClCompile Include="GeneratedFiles\moc_TNProgressLoading.cpp">
      <Filter>Generated Files</Filter>
    </ClCompile>
    <ClCompile Include="xml\pugixml.cpp">
      <Filter>xml</Filter>
    </ClCompile>
    <ClCompile Include="TNWarningMessageBox.cpp">
      <Filter>Source Files</Filter>
    </ClCompile>
    <ClCompile Include="GeneratedFiles\moc_TNWarningMessageBox.cpp">
      <Filter>Generated Files</Filter>
    </ClCompile>
    <ClCompile Include="GeneratedFiles\moc_DetailsAreaBase.cpp">
      <Filter>Generated Files</Filter>
    </ClCompile>
    <ClCompile Include="GeneratedFiles\moc_DropShadowWidget.cpp">
      <Filter>Generated Files</Filter>
    </ClCompile>
    <ClCompile Include="GeneratedFiles\moc_ListAreaBase.cpp">
      <Filter>Generated Files</Filter>
    </ClCompile>
    <ClCompile Include="GeneratedFiles\moc_MenuAreaBase.cpp">
      <Filter>Generated Files</Filter>
    </ClCompile>
    <ClCompile Include="GeneratedFiles\moc_PluginExportBase.cpp">
      <Filter>Generated Files</Filter>
    </ClCompile>
    <ClCompile Include="GeneratedFiles\moc_TNDocument.cpp">
      <Filter>Generated Files</Filter>
    </ClCompile>
    <ClCompile Include="GeneratedFiles\moc_TNMessageBox.cpp">
      <Filter>Generated Files</Filter>
    </ClCompile>
    <ClCompile Include="GeneratedFiles\moc_TNTableModel.cpp">
      <Filter>Generated Files</Filter>
    </ClCompile>
    <ClCompile Include="GeneratedFiles\moc_ToolButton.cpp">
      <Filter>Generated Files</Filter>
    </ClCompile>
    <ClCompile Include="GeneratedFiles\moc_XmlSingleton.cpp">
      <Filter>Generated Files</Filter>
    </ClCompile>
    <ClCompile Include="Common.cpp">
      <Filter>Source Files</Filter>
    </ClCompile>
    <ClCompile Include="TNZipCommon.cpp">
      <Filter>Source Files</Filter>
    </ClCompile>
    <ClCompile Include="TNTableModel.cpp">
      <Filter>Source Files</Filter>
    </ClCompile>
    <ClCompile Include="TNPromptSignLabel.cpp">
      <Filter>Source Files</Filter>
    </ClCompile>
    <ClCompile Include="TNPathUtil.cpp">
      <Filter>Source Files</Filter>
    </ClCompile>
    <ClCompile Include="TNMessageListAdapter.cpp">
      <Filter>Source Files</Filter>
    </ClCompile>
    <ClCompile Include="TNMessageBox.cpp">
      <Filter>Source Files</Filter>
    </ClCompile>
    <ClCompile Include="TNDocument.cpp">
      <Filter>Source Files</Filter>
    </ClCompile>
    <ClCompile Include="TNDebugLog.cpp">
      <Filter>Source Files</Filter>
    </ClCompile>
    <ClCompile Include="TNConfig.cpp">
      <Filter>Source Files</Filter>
    </ClCompile>
    <ClCompile Include="PluginExportBase.cpp">
      <Filter>Source Files</Filter>
    </ClCompile>
    <ClCompile Include="MenuAreaBase.cpp">
      <Filter>Source Files</Filter>
    </ClCompile>
    <ClCompile Include="ListAreaBase.cpp">
      <Filter>Source Files</Filter>
    </ClCompile>
    <ClCompile Include="DropShadowWidget.cpp">
      <Filter>Source Files</Filter>
    </ClCompile>
    <ClCompile Include="DetailsAreaBase.cpp">
      <Filter>Source Files</Filter>
    </ClCompile>
    <ClCompile Include="TNUserPath.cpp">
      <Filter>Header Files</Filter>
    </ClCompile>
    <ClCompile Include="TNUtil.cpp">
      <Filter>Header Files</Filter>
    </ClCompile>
    <ClCompile Include="ToolButton.cpp">
      <Filter>Source Files</Filter>
    </ClCompile>
    <ClCompile Include="XmlSingleton.cpp">
      <Filter>Source Files</Filter>
    </ClCompile>
    <ClCompile Include="GeneratedFiles\moc_TNProgressLoadingWithPrompt.cpp">
      <Filter>Generated Files</Filter>
    </ClCompile>
    <ClCompile Include="TNProgressLoadingWithPrompt.cpp">
      <Filter>Source Files</Filter>
    </ClCompile>
    <ClCompile Include="GeneratedFiles\moc_TNDebugLog.cpp">
      <Filter>Generated Files\Debug</Filter>
    </ClCompile>
    <ClCompile Include="TNStartloadingpage.cpp">
      <Filter>Source Files</Filter>
    </ClCompile>
    <ClCompile Include="GeneratedFiles\moc_TNStartloadingpage.cpp">
      <Filter>Generated Files</Filter>
    </ClCompile>
    <ClCompile Include="tnimagectr.cpp">
      <Filter>Source Files</Filter>
    </ClCompile>
    <ClCompile Include="GeneratedFiles\moc_tnimagectr.cpp">
      <Filter>Generated Files</Filter>
    </ClCompile>
    <ClCompile Include="TNZoomFactor.cpp">
      <Filter>Source Files</Filter>
    </ClCompile>
    <ClCompile Include="TNQLineEdit.cpp">
      <Filter>Source Files</Filter>
    </ClCompile>
    <ClCompile Include="GeneratedFiles\moc_TNQLineEdit.cpp">
      <Filter>Generated Files</Filter>
    </ClCompile>
    <ClCompile Include="tnwinconvert.cpp">
      <Filter>Source Files</Filter>
    </ClCompile>
    <ClCompile Include="TNResizerDecorator.cpp">
      <Filter>Source Files</Filter>
    </ClCompile>
    <ClCompile Include="GeneratedFiles\moc_TNResizerDecorator.cpp">
      <Filter>Generated Files</Filter>
    </ClCompile>
    <ClCompile Include="TNGlobalShotCutManagement.cpp">
      <Filter>Source Files</Filter>
    </ClCompile>
    <ClCompile Include="GeneratedFiles\moc_TNGlobalShotCutManagement.cpp">
      <Filter>Generated Files</Filter>
    </ClCompile>
    <ClCompile Include="TNUpgradePlatform.cpp">
      <Filter>Source Files</Filter>
    </ClCompile>
    <ClCompile Include="TNCHNHelper.cpp">
      <Filter>Source Files</Filter>
    </ClCompile>
    <ClCompile Include="GeneratedFiles\moc_TNCHNHelper.cpp">
      <Filter>Generated Files</Filter>
    </ClCompile>
    <ClCompile Include="minizip\ioapi.c">
      <Filter>Header Files\minizib</Filter>
    </ClCompile>
    <ClCompile Include="minizip\iowin32.c">
      <Filter>Header Files\minizib</Filter>
    </ClCompile>
    <ClCompile Include="minizip\mztools.c">
      <Filter>Header Files\minizib</Filter>
    </ClCompile>
    <ClCompile Include="minizip\unzip.c">
      <Filter>Header Files\minizib</Filter>
    </ClCompile>
    <ClCompile Include="minizip\zip.c">
      <Filter>Header Files\minizib</Filter>
    </ClCompile>
    <ClCompile Include="TNVersionInfo.cpp">
      <Filter>Source Files</Filter>
    </ClCompile>
    <ClCompile Include="TNSettingData.cpp">
      <Filter>Source Files</Filter>
    </ClCompile>
    <ClCompile Include="TNListModel.cpp">
      <Filter>Source Files</Filter>
    </ClCompile>
    <ClCompile Include="GeneratedFiles\moc_TNListModel.cpp">
      <Filter>Generated Files</Filter>
    </ClCompile>
    <ClCompile Include="TNShortCutKeyTextMap.cpp">
      <Filter>Header Files</Filter>
    </ClCompile>
    <ClCompile Include="TNUserDataUtil.cpp">
      <Filter>Source Files</Filter>
    </ClCompile>
    <ClCompile Include="TNQListView.cpp">
      <Filter>Source Files</Filter>
    </ClCompile>
    <ClCompile Include="GeneratedFiles\moc_TNQListView.cpp">
      <Filter>Generated Files</Filter>
    </ClCompile>
  </ItemGroup>
  <ItemGroup>
    <ClInclude Include="xml\pugiconfig.hpp">
      <Filter>xml</Filter>
    </ClInclude>
    <ClInclude Include="xml\pugixml.hpp">
      <Filter>xml</Filter>
    </ClInclude>
    <ClInclude Include="common_global.h">
      <Filter>Header Files</Filter>
    </ClInclude>
    <ClInclude Include="resource.h">
      <Filter>Header Files</Filter>
    </ClInclude>
    <ClInclude Include="TNConfig.h">
      <Filter>Header Files</Filter>
    </ClInclude>
    <ClInclude Include="TNNameSpace.h">
      <Filter>Header Files</Filter>
    </ClInclude>
    <ClInclude Include="TNPathUtil.h">
      <Filter>Header Files</Filter>
    </ClInclude>
    <ClInclude Include="TNPromptSignLabel.h">
      <Filter>Header Files</Filter>
    </ClInclude>
    <ClInclude Include="TNSettingData.h">
      <Filter>Header Files</Filter>
    </ClInclude>
    <ClInclude Include="TNUserPath.h">
      <Filter>Header Files</Filter>
    </ClInclude>
    <ClInclude Include="TNUtil.h">
      <Filter>Header Files</Filter>
    </ClInclude>
    <ClInclude Include="TNZipCommon.h">
      <Filter>Header Files</Filter>
    </ClInclude>
    <ClInclude Include="Common.h">
      <Filter>Header Files</Filter>
    </ClInclude>
    <ClInclude Include="GeneratedFiles\ui_TNCheckUpdateInfoDialog.h">
      <Filter>Generated Files</Filter>
    </ClInclude>
    <ClInclude Include="TNZoomFactor.h">
      <Filter>Header Files</Filter>
    </ClInclude>
    <ClInclude Include="tnwinconvert.h">
      <Filter>Header Files</Filter>
    </ClInclude>
    <ClInclude Include="TNUpgradePlatform.h">
      <Filter>Source Files</Filter>
    </ClInclude>
    <ClInclude Include="minizip\crypt.h">
      <Filter>Header Files\minizib</Filter>
    </ClInclude>
    <ClInclude Include="minizip\ioapi.h">
      <Filter>Header Files\minizib</Filter>
    </ClInclude>
    <ClInclude Include="minizip\iowin32.h">
      <Filter>Header Files\minizib</Filter>
    </ClInclude>
    <ClInclude Include="minizip\mztools.h">
      <Filter>Header Files\minizib</Filter>
    </ClInclude>
    <ClInclude Include="minizip\unzip.h">
      <Filter>Header Files\minizib</Filter>
    </ClInclude>
    <ClInclude Include="minizip\zip.h">
      <Filter>Header Files\minizib</Filter>
    </ClInclude>
    <ClInclude Include="TNVersionInfo.h">
      <Filter>Header Files</Filter>
    </ClInclude>
    <ClInclude Include="TNShortCutKeyTextMap.h">
      <Filter>Header Files</Filter>
    </ClInclude>
    <ClInclude Include="TNUserDataUtil.h">
      <Filter>Header Files</Filter>
    </ClInclude>
  </ItemGroup>
  <ItemGroup>
    <CustomBuild Include="TNProgressLoading.h">
      <Filter>Header Files</Filter>
    </CustomBuild>
    <CustomBuild Include="TNMessageBox.ui">
      <Filter>Form Files</Filter>
    </CustomBuild>
    <CustomBuild Include="TNWarningMessageBox.h">
      <Filter>Header Files</Filter>
    </CustomBuild>
    <CustomBuild Include="DetailsAreaBase.h">
      <Filter>Header Files</Filter>
    </CustomBuild>
    <CustomBuild Include="DropShadowWidget.h">
      <Filter>Header Files</Filter>
    </CustomBuild>
    <CustomBuild Include="ListAreaBase.h">
      <Filter>Header Files</Filter>
    </CustomBuild>
    <CustomBuild Include="MenuAreaBase.h">
      <Filter>Header Files</Filter>
    </CustomBuild>
    <CustomBuild Include="PluginExportBase.h">
      <Filter>Header Files</Filter>
    </CustomBuild>
    <CustomBuild Include="TNDocument.h">
      <Filter>Header Files</Filter>
    </CustomBuild>
    <CustomBuild Include="TNMessageBox.h">
      <Filter>Header Files</Filter>
    </CustomBuild>
    <CustomBuild Include="TNMessageListAdapter.h">
      <Filter>Header Files</Filter>
    </CustomBuild>
    <CustomBuild Include="TNTableModel.h">
      <Filter>Header Files</Filter>
    </CustomBuild>
    <CustomBuild Include="ToolButton.h">
      <Filter>Header Files</Filter>
    </CustomBuild>
    <CustomBuild Include="XmlSingleton.h">
      <Filter>Header Files</Filter>
    </CustomBuild>
    <CustomBuild Include="TNProgressLoadingWithPrompt.h">
      <Filter>Header Files</Filter>
    </CustomBuild>
    <CustomBuild Include="TNDebugLog.h">
      <Filter>Header Files</Filter>
    </CustomBuild>
    <CustomBuild Include="TNStartloadingpage.h">
      <Filter>Header Files</Filter>
    </CustomBuild>
    <CustomBuild Include="tnimagectr.h">
      <Filter>Header Files</Filter>
    </CustomBuild>
    <CustomBuild Include="TNQLineEdit.h">
      <Filter>Header Files</Filter>
    </CustomBuild>
    <CustomBuild Include="TNResizerDecorator.h">
      <Filter>Header Files</Filter>
    </CustomBuild>
    <CustomBuild Include="TNGlobalShotCutManagement.h">
      <Filter>Header Files</Filter>
    </CustomBuild>
    <CustomBuild Include="TNCHNHelper.h">
      <Filter>Header Files</Filter>
    </CustomBuild>
    <CustomBuild Include="..\toonsdk\qxtglobalshortcut\qxtglobalshortcut.h">
      <Filter>Header Files</Filter>
    </CustomBuild>
    <CustomBuild Include="TNListModel.h">
      <Filter>Header Files</Filter>
    </CustomBuild>
    <CustomBuild Include="TNQListView.h">
      <Filter>Header Files</Filter>
    </CustomBuild>
  </ItemGroup>
  <ItemGroup>
    <Filter Include="Source Files">
      <UniqueIdentifier>{4FC737F1-C7A5-4376-A066-2A32D752A2FF}</UniqueIdentifier>
      <Extensions>cpp;cxx;c;def</Extensions>
      <ParseFiles>true</ParseFiles>
    </Filter>
    <Filter Include="Header Files">
      <UniqueIdentifier>{93995380-89BD-4b04-88EB-625FBE52EBFB}</UniqueIdentifier>
      <Extensions>h</Extensions>
      <ParseFiles>true</ParseFiles>
    </Filter>
    <Filter Include="Generated Files">
      <UniqueIdentifier>{71ED8ED8-ACB9-4CE9-BBE1-E00B30144E11}</UniqueIdentifier>
      <Extensions>moc;h;cpp</Extensions>
      <ParseFiles>true</ParseFiles>
    </Filter>
    <Filter Include="xml">
      <UniqueIdentifier>{f19d261e-ddd2-4f15-9195-2679489ad7c7}</UniqueIdentifier>
    </Filter>
    <Filter Include="Form Files">
      <UniqueIdentifier>{99349809-55BA-4b9d-BF79-8FDBB0286EB3}</UniqueIdentifier>
      <Extensions>ui</Extensions>
      <ParseFiles>true</ParseFiles>
    </Filter>
    <Filter Include="Resource Files">
      <UniqueIdentifier>{4dec8ebf-4294-44b6-9699-5c5103c2ce3a}</UniqueIdentifier>
    </Filter>
    <Filter Include="Generated Files\Debug">
      <UniqueIdentifier>{113f871f-8a3f-455e-b3a1-774a5ff719fd}</UniqueIdentifier>
      <Extensions>cpp;moc</Extensions>
      <SourceControlFiles>False</SourceControlFiles>
    </Filter>
    <Filter Include="Header Files\minizib">
      <UniqueIdentifier>{b36299f0-3a81-4fe2-9ca0-184dc3bc24b1}</UniqueIdentifier>
    </Filter>
  </ItemGroup>
</Project>