<?xml version="1.0" encoding="utf-8"?>
<Project ToolsVersion="4.0" xmlns="http://schemas.microsoft.com/developer/msbuild/2003">
  <ItemGroup>
    <Filter Include="Source Files">
      <UniqueIdentifier>{4FC737F1-C7A5-4376-A066-2A32D752A2FF}</UniqueIdentifier>
      <Extensions>cpp;cxx;c;def</Extensions>
    </Filter>
    <Filter Include="Header Files">
      <UniqueIdentifier>{93995380-89BD-4b04-88EB-625FBE52EBFB}</UniqueIdentifier>
      <Extensions>h</Extensions>
    </Filter>
    <Filter Include="Form Files">
      <UniqueIdentifier>{99349809-55BA-4b9d-BF79-8FDBB0286EB3}</UniqueIdentifier>
      <Extensions>ui</Extensions>
    </Filter>
    <Filter Include="Resource Files">
      <UniqueIdentifier>{D9D6E242-F8AF-46E4-B9FD-80ECBC20BA3E}</UniqueIdentifier>
      <Extensions>qrc;*</Extensions>
      <ParseFiles>false</ParseFiles>
    </Filter>
    <Filter Include="Generated Files">
      <UniqueIdentifier>{71ED8ED8-ACB9-4CE9-BBE1-E00B30144E11}</UniqueIdentifier>
      <Extensions>moc;h;cpp</Extensions>
      <SourceControlFiles>False</SourceControlFiles>
    </Filter>
  </ItemGroup>
  <ItemGroup>
    <ClCompile Include="faceid.cpp">
      <Filter>Source Files</Filter>
    </ClCompile>
    <ClCompile Include="cameraframegrabber.cpp">
      <Filter>Header Files</Filter>
    </ClCompile>
    <ClCompile Include="GeneratedFiles\moc_cameraframegrabber.cpp">
      <Filter>Generated Files</Filter>
    </ClCompile>
    <ClCompile Include="tncapturevideo.cpp">
      <Filter>Header Files</Filter>
    </ClCompile>
    <ClCompile Include="GeneratedFiles\moc_tncapturevideo.cpp">
      <Filter>Generated Files</Filter>
    </ClCompile>
    <ClCompile Include="tnshowfacedialog.cpp">
      <Filter>Source Files</Filter>
    </ClCompile>
    <ClCompile Include="GeneratedFiles\moc_tnshowfacedialog.cpp">
      <Filter>Generated Files</Filter>
    </ClCompile>
    <ClCompile Include="baseimagelist.cpp">
      <Filter>Source Files</Filter>
    </ClCompile>
    <ClCompile Include="facetracking.cpp">
      <Filter>Source Files</Filter>
    </ClCompile>
    <ClCompile Include="GeneratedFiles\moc_facetracking.cpp">
      <Filter>Generated Files</Filter>
    </ClCompile>
    <ClCompile Include="tnimagehelper.cpp">
      <Filter>Source Files</Filter>
    </ClCompile>
    <ClCompile Include="GeneratedFiles\moc_buildfacemodel.cpp">
      <Filter>Generated Files</Filter>
    </ClCompile>
    <ClCompile Include="GeneratedFiles\moc_facerecognition.cpp">
      <Filter>Generated Files</Filter>
    </ClCompile>
    <ClCompile Include="GeneratedFiles\moc_tnshowfacelabel.cpp">
      <Filter>Generated Files</Filter>
    </ClCompile>
    <ClCompile Include="buildfacemodel.cpp">
      <Filter>Source Files</Filter>
    </ClCompile>
    <ClCompile Include="facerecognition.cpp">
      <Filter>Source Files</Filter>
    </ClCompile>
    <ClCompile Include="tnshowfacelabel.cpp">
      <Filter>Source Files</Filter>
    </ClCompile>
    <ClCompile Include="GeneratedFiles\moc_faceid.cpp">
      <Filter>Generated Files</Filter>
    </ClCompile>
  </ItemGroup>
  <ItemGroup>
    <ClInclude Include="faceid_global.h">
      <Filter>Header Files</Filter>
    </ClInclude>
    <ClInclude Include="GeneratedFiles\ui_tnshowfacedialog.h">
      <Filter>Generated Files</Filter>
    </ClInclude>
    <ClInclude Include="baseimagelist.h">
      <Filter>Header Files</Filter>
    </ClInclude>
    <ClInclude Include="tnimagehelper.h">
      <Filter>Header Files</Filter>
    </ClInclude>
  </ItemGroup>
  <ItemGroup>
    <CustomBuild Include="cameraframegrabber.h">
      <Filter>Header Files</Filter>
    </CustomBuild>
    <CustomBuild Include="tncapturevideo.h">
      <Filter>Header Files</Filter>
    </CustomBuild>
    <CustomBuild Include="tnshowfacedialog.h">
      <Filter>Header Files</Filter>
    </CustomBuild>
    <CustomBuild Include="tnshowfacedialog.ui">
      <Filter>Form Files</Filter>
    </CustomBuild>
    <CustomBuild Include="facetracking.h">
      <Filter>Header Files</Filter>
    </CustomBuild>
    <CustomBuild Include="buildfacemodel.h">
      <Filter>Header Files</Filter>
    </CustomBuild>
    <CustomBuild Include="facerecognition.h">
      <Filter>Header Files</Filter>
    </CustomBuild>
    <CustomBuild Include="tnshowfacelabel.h">
      <Filter>Header Files</Filter>
    </CustomBuild>
    <CustomBuild Include="faceid.h">
      <Filter>Header Files</Filter>
    </CustomBuild>
  </ItemGroup>
</Project>