<?xml version="1.0" encoding="utf-8"?>
<Project ToolsVersion="4.0" xmlns="http://schemas.microsoft.com/developer/msbuild/2003">
  <ItemGroup>
    <Filter Include="Source Files">
      <UniqueIdentifier>{4FC737F1-C7A5-4376-A066-2A32D752A2FF}</UniqueIdentifier>
      <Extensions>cpp;cxx;c;def</Extensions>
    </Filter>
    <Filter Include="Header Files">
      <UniqueIdentifier>{93995380-89BD-4b04-88EB-625FBE52EBFB}</UniqueIdentifier>
      <Extensions>h</Extensions>
    </Filter>
    <Filter Include="Form Files">
      <UniqueIdentifier>{99349809-55BA-4b9d-BF79-8FDBB0286EB3}</UniqueIdentifier>
      <Extensions>ui</Extensions>
    </Filter>
    <Filter Include="Resource Files">
      <UniqueIdentifier>{D9D6E242-F8AF-46E4-B9FD-80ECBC20BA3E}</UniqueIdentifier>
      <Extensions>qrc;*</Extensions>
      <ParseFiles>false</ParseFiles>
    </Filter>
    <Filter Include="Generated Files">
      <UniqueIdentifier>{71ED8ED8-ACB9-4CE9-BBE1-E00B30144E11}</UniqueIdentifier>
      <Extensions>moc;h;cpp</Extensions>
      <SourceControlFiles>False</SourceControlFiles>
    </Filter>
  </ItemGroup>
  <ItemGroup>
    <ClCompile Include="search.cpp">
      <Filter>Source Files</Filter>
    </ClCompile>
    <ClCompile Include="TNDataSearch.cpp">
      <Filter>Source Files</Filter>
    </ClCompile>
    <ClCompile Include="Search\searchtableview.cpp">
      <Filter>Source Files</Filter>
    </ClCompile>
    <ClCompile Include="Search\TNSearchAdapter.cpp">
      <Filter>Source Files</Filter>
    </ClCompile>
    <ClCompile Include="Search\tnsearcharea.cpp">
      <Filter>Source Files</Filter>
    </ClCompile>
    <ClCompile Include="Search\TNSearchAreaV2.cpp">
      <Filter>Source Files</Filter>
    </ClCompile>
    <ClCompile Include="Search\tnsearchbottom.cpp">
      <Filter>Source Files</Filter>
    </ClCompile>
    <ClCompile Include="Search\TNSearchListItemDelegate.cpp">
      <Filter>Source Files</Filter>
    </ClCompile>
    <ClCompile Include="Search\TNSearchListItemDelegateV2.cpp">
      <Filter>Source Files</Filter>
    </ClCompile>
    <ClCompile Include="Search\TNSearchListModelV2.cpp">
      <Filter>Source Files</Filter>
    </ClCompile>
    <ClCompile Include="Search\TNSearchNameItem.cpp">
      <Filter>Source Files</Filter>
    </ClCompile>
    <ClCompile Include="Search\TNSearchTreeItemV2.cpp">
      <Filter>Source Files</Filter>
    </ClCompile>
    <ClCompile Include="Search\TNSearchTypeItem.cpp">
      <Filter>Source Files</Filter>
    </ClCompile>
    <ClCompile Include="Search\TNSearchViewV2.cpp">
      <Filter>Source Files</Filter>
    </ClCompile>
    <ClCompile Include="Search\TNSearchDataItemWidget.cpp">
      <Filter>Source Files</Filter>
    </ClCompile>
    <ClCompile Include="Search\TNSearchItemWidget.cpp">
      <Filter>Source Files</Filter>
    </ClCompile>
    <ClCompile Include="Search\CSeachClearLabel.cpp">
      <Filter>Source Files</Filter>
    </ClCompile>
    <ClCompile Include="Search\QSearchLineText.cpp">
      <Filter>Source Files</Filter>
    </ClCompile>
    <ClCompile Include="GeneratedFiles\moc_CSeachClearLabel.cpp">
      <Filter>Generated Files</Filter>
    </ClCompile>
    <ClCompile Include="GeneratedFiles\moc_QSearchLineText.cpp">
      <Filter>Generated Files</Filter>
    </ClCompile>
    <ClCompile Include="GeneratedFiles\moc_searchtableview.cpp">
      <Filter>Generated Files</Filter>
    </ClCompile>
    <ClCompile Include="GeneratedFiles\moc_TNSearchAdapter.cpp">
      <Filter>Generated Files</Filter>
    </ClCompile>
    <ClCompile Include="GeneratedFiles\moc_tnsearcharea.cpp">
      <Filter>Generated Files</Filter>
    </ClCompile>
    <ClCompile Include="GeneratedFiles\moc_TNSearchAreaV2.cpp">
      <Filter>Generated Files</Filter>
    </ClCompile>
    <ClCompile Include="GeneratedFiles\moc_tnsearchbottom.cpp">
      <Filter>Generated Files</Filter>
    </ClCompile>
    <ClCompile Include="GeneratedFiles\moc_TNSearchDataItemWidget.cpp">
      <Filter>Generated Files</Filter>
    </ClCompile>
    <ClCompile Include="GeneratedFiles\moc_TNSearchItemWidget.cpp">
      <Filter>Generated Files</Filter>
    </ClCompile>
    <ClCompile Include="GeneratedFiles\moc_TNSearchListItemDelegate.cpp">
      <Filter>Generated Files</Filter>
    </ClCompile>
    <ClCompile Include="GeneratedFiles\moc_TNSearchListItemDelegateV2.cpp">
      <Filter>Generated Files</Filter>
    </ClCompile>
    <ClCompile Include="GeneratedFiles\moc_TNSearchListModelV2.cpp">
      <Filter>Generated Files</Filter>
    </ClCompile>
    <ClCompile Include="GeneratedFiles\moc_TNSearchViewV2.cpp">
      <Filter>Generated Files</Filter>
    </ClCompile>
  </ItemGroup>
  <ItemGroup>
    <ClInclude Include="search.h">
      <Filter>Header Files</Filter>
    </ClInclude>
    <ClInclude Include="search_global.h">
      <Filter>Header Files</Filter>
    </ClInclude>
    <ClInclude Include="GeneratedFiles\ui_TNSearchAreaV2.h">
      <Filter>Generated Files</Filter>
    </ClInclude>
    <ClInclude Include="GeneratedFiles\ui_tnsearcharea.h">
      <Filter>Generated Files</Filter>
    </ClInclude>
    <ClInclude Include="GeneratedFiles\ui_tnsearchbottom.h">
      <Filter>Generated Files</Filter>
    </ClInclude>
    <ClInclude Include="GeneratedFiles\ui_TNSearchDataItemWidget.h">
      <Filter>Generated Files</Filter>
    </ClInclude>
    <ClInclude Include="GeneratedFiles\ui_TNSearchItemWidget.h">
      <Filter>Generated Files</Filter>
    </ClInclude>
    <ClInclude Include="Search\TNSearchNameItem.h">
      <Filter>Header Files</Filter>
    </ClInclude>
    <ClInclude Include="Search\TNSearchTreeItemV2.h">
      <Filter>Header Files</Filter>
    </ClInclude>
    <ClInclude Include="Search\TNSearchTypeItem.h">
      <Filter>Header Files</Filter>
    </ClInclude>
  </ItemGroup>
  <ItemGroup>
    <CustomBuild Include="Search\TNSearchAreaV2.ui">
      <Filter>Form Files</Filter>
    </CustomBuild>
    <CustomBuild Include="Search\tnsearcharea.ui">
      <Filter>Form Files</Filter>
    </CustomBuild>
    <CustomBuild Include="Search\tnsearchbottom.ui">
      <Filter>Form Files</Filter>
    </CustomBuild>
    <CustomBuild Include="Search\TNSearchDataItemWidget.ui">
      <Filter>Form Files</Filter>
    </CustomBuild>
    <CustomBuild Include="Search\TNSearchItemWidget.ui">
      <Filter>Form Files</Filter>
    </CustomBuild>
    <CustomBuild Include="Search\CSeachClearLabel.h">
      <Filter>Header Files</Filter>
    </CustomBuild>
    <CustomBuild Include="Search\QSearchLineText.h">
      <Filter>Header Files</Filter>
    </CustomBuild>
    <CustomBuild Include="Search\searchtableview.h">
      <Filter>Header Files</Filter>
    </CustomBuild>
    <CustomBuild Include="Search\TNSearchAdapter.h">
      <Filter>Header Files</Filter>
    </CustomBuild>
    <CustomBuild Include="Search\tnsearcharea.h">
      <Filter>Header Files</Filter>
    </CustomBuild>
    <CustomBuild Include="Search\TNSearchAreaV2.h">
      <Filter>Header Files</Filter>
    </CustomBuild>
    <CustomBuild Include="Search\tnsearchbottom.h">
      <Filter>Header Files</Filter>
    </CustomBuild>
    <CustomBuild Include="Search\TNSearchDataItemWidget.h">
      <Filter>Header Files</Filter>
    </CustomBuild>
    <CustomBuild Include="Search\TNSearchItemWidget.h">
      <Filter>Header Files</Filter>
    </CustomBuild>
    <CustomBuild Include="Search\TNSearchListItemDelegate.h">
      <Filter>Header Files</Filter>
    </CustomBuild>
    <CustomBuild Include="Search\TNSearchListItemDelegateV2.h">
      <Filter>Header Files</Filter>
    </CustomBuild>
    <CustomBuild Include="Search\TNSearchListModelV2.h">
      <Filter>Header Files</Filter>
    </CustomBuild>
    <CustomBuild Include="Search\TNSearchViewV2.h">
      <Filter>Header Files</Filter>
    </CustomBuild>
  </ItemGroup>
</Project>