
Microsoft Visual Studio Solution File, Format Version 12.00
# Visual Studio 2013
VisualStudioVersion = 12.0.21005.1
MinimumVisualStudioVersion = 10.0.40219.1
Project("{8BC9CEB8-8B4A-11D0-8D11-00A0C91BC942}") = "Toon", "Toon\Toon.vcxproj", "{B12702AD-ABFB-343A-A199-8E24837244A3}"
	ProjectSection(ProjectDependencies) = postProject
		{0132AFDA-DA55-46B8-82E3-2448FDF30A9F} = {0132AFDA-DA55-46B8-82E3-2448FDF30A9F}
	EndProjectSection
EndProject
Project("{8BC9CEB8-8B4A-11D0-8D11-00A0C91BC942}") = "Common", "Common\Common.vcxproj", "{97676CB6-B850-4A73-95A9-DA87B50DE3B6}"
EndProject
Project("{2150E333-8FDC-42A3-9474-1A3956D46DE8}") = "OneLevelPlugin", "OneLevelPlugin", "{F38382A1-0426-4F65-B44E-AE708D8D6616}"
EndProject
Project("{8BC9CEB8-8B4A-11D0-8D11-00A0C91BC942}") = "Mine", "Mine\Mine.vcxproj", "{0132AFDA-DA55-46B8-82E3-2448FDF30A9F}"
	ProjectSection(ProjectDependencies) = postProject
		{01C52F03-5318-4F90-B0C8-EF7B52161763} = {01C52F03-5318-4F90-B0C8-EF7B52161763}
		{25DCEB6C-2EEF-44EE-A323-698100ADA7AB} = {25DCEB6C-2EEF-44EE-A323-698100ADA7AB}
		{97676CB6-B850-4A73-95A9-DA87B50DE3B6} = {97676CB6-B850-4A73-95A9-DA87B50DE3B6}
	EndProjectSection
EndProject
Project("{8BC9CEB8-8B4A-11D0-8D11-00A0C91BC942}") = "HomePage", "HomePage\HomePage.vcxproj", "{3787CEE7-0962-487C-B51B-E5C80FDB1817}"
EndProject
Project("{8BC9CEB8-8B4A-11D0-8D11-00A0C91BC942}") = "Notice", "Notice\Notice.vcxproj", "{08BB8E77-2218-48FC-A6AE-E65F5036A62F}"
	ProjectSection(ProjectDependencies) = postProject
		{407FEF17-4955-44DA-AC4A-A1A3B4E2CDE1} = {407FEF17-4955-44DA-AC4A-A1A3B4E2CDE1}
		{B29DEFF2-0824-4C8E-B71E-DA9E354E2AA8} = {B29DEFF2-0824-4C8E-B71E-DA9E354E2AA8}
	EndProjectSection
EndProject
Project("{8BC9CEB8-8B4A-11D0-8D11-00A0C91BC942}") = "CardCase", "CardCase\CardCase.vcxproj", "{F25243E8-0CE9-46AE-BF97-7A69EDC5D22E}"
	ProjectSection(ProjectDependencies) = postProject
		{B29DEFF2-0824-4C8E-B71E-DA9E354E2AA8} = {B29DEFF2-0824-4C8E-B71E-DA9E354E2AA8}
	EndProjectSection
EndProject
Project("{8BC9CEB8-8B4A-11D0-8D11-00A0C91BC942}") = "DynimicState", "DynimicState\DynimicState.vcxproj", "{8E69B76F-387A-4F46-9067-455447EDCA46}"
EndProject
Project("{8BC9CEB8-8B4A-11D0-8D11-00A0C91BC942}") = "Discover", "Discover\Discover.vcxproj", "{D77DB186-5346-4086-A67E-761DB33D2F5C}"
EndProject
Project("{8BC9CEB8-8B4A-11D0-8D11-00A0C91BC942}") = "Create", "Create\Create.vcxproj", "{D5420CE7-850F-4D7E-95FE-72643C3AD671}"
EndProject
Project("{8BC9CEB8-8B4A-11D0-8D11-00A0C91BC942}") = "SetUp", "SetUp\SetUp.vcxproj", "{57FCE151-C24D-42F4-BE53-7B1671312A78}"
EndProject
Project("{8BC9CEB8-8B4A-11D0-8D11-00A0C91BC942}") = "LocalStorage", "LocalStorage\LocalStorage.vcxproj", "{01C52F03-5318-4F90-B0C8-EF7B52161763}"
EndProject
Project("{8BC9CEB8-8B4A-11D0-8D11-00A0C91BC942}") = "NetWorkAPI", "NetWorkAPI\NetWorkAPI.vcxproj", "{AD193733-8C77-4A71-8BE5-9A2921DCBADE}"
EndProject
Project("{8BC9CEB8-8B4A-11D0-8D11-00A0C91BC942}") = "TNMVD", "TNMVD\TNMVD.vcxproj", "{25DCEB6C-2EEF-44EE-A323-698100ADA7AB}"
EndProject
Project("{8BC9CEB8-8B4A-11D0-8D11-00A0C91BC942}") = "IMCore", "IMCore\IMCore.vcxproj", "{11BF6A32-B50A-4112-9C7D-36D7537FD41E}"
EndProject
Project("{8BC9CEB8-8B4A-11D0-8D11-00A0C91BC942}") = "Upgrade", "Upgrade\Upgrade.vcxproj", "{D5424855-933D-4B30-B5B2-EF7CB8DA0F92}"
	ProjectSection(ProjectDependencies) = postProject
		{AD193733-8C77-4A71-8BE5-9A2921DCBADE} = {AD193733-8C77-4A71-8BE5-9A2921DCBADE}
		{97676CB6-B850-4A73-95A9-DA87B50DE3B6} = {97676CB6-B850-4A73-95A9-DA87B50DE3B6}
	EndProjectSection
EndProject
Project("{8BC9CEB8-8B4A-11D0-8D11-00A0C91BC942}") = "ToonProtocol", "ToonProtocol\ToonProtocol.vcxproj", "{4120E87C-8200-4EDE-A6DC-27CDE2F69DA4}"
EndProject
Project("{8BC9CEB8-8B4A-11D0-8D11-00A0C91BC942}") = "Avatar", "Avatar\Avatar.vcxproj", "{8263460D-4ED1-4C10-877D-D02776E0D713}"
EndProject
Project("{8BC9CEB8-8B4A-11D0-8D11-00A0C91BC942}") = "ScreenShot", "ScreenShot\ScreenShot.vcxproj", "{407FEF17-4955-44DA-AC4A-A1A3B4E2CDE1}"
EndProject
Project("{8BC9CEB8-8B4A-11D0-8D11-00A0C91BC942}") = "Search", "Search\Search.vcxproj", "{B29DEFF2-0824-4C8E-B71E-DA9E354E2AA8}"
	ProjectSection(ProjectDependencies) = postProject
		{01C52F03-5318-4F90-B0C8-EF7B52161763} = {01C52F03-5318-4F90-B0C8-EF7B52161763}
		{11BF6A32-B50A-4112-9C7D-36D7537FD41E} = {11BF6A32-B50A-4112-9C7D-36D7537FD41E}
		{AD193733-8C77-4A71-8BE5-9A2921DCBADE} = {AD193733-8C77-4A71-8BE5-9A2921DCBADE}
		{25DCEB6C-2EEF-44EE-A323-698100ADA7AB} = {25DCEB6C-2EEF-44EE-A323-698100ADA7AB}
	EndProjectSection
EndProject
Project("{8BC9CEB8-8B4A-11D0-8D11-00A0C91BC942}") = "FaceId", "FaceId\FaceId.vcxproj", "{7A9500BD-FE24-4B04-8783-3E4931E9872A}"
EndProject
Global
	GlobalSection(SolutionConfigurationPlatforms) = preSolution
		Debug|Mixed Platforms = Debug|Mixed Platforms
		Debug|Win32 = Debug|Win32
		Debug|x64 = Debug|x64
		Release|Mixed Platforms = Release|Mixed Platforms
		Release|Win32 = Release|Win32
		Release|x64 = Release|x64
	EndGlobalSection
	GlobalSection(ProjectConfigurationPlatforms) = postSolution
		{B12702AD-ABFB-343A-A199-8E24837244A3}.Debug|Mixed Platforms.ActiveCfg = Debug|Win32
		{B12702AD-ABFB-343A-A199-8E24837244A3}.Debug|Win32.ActiveCfg = Debug|Win32
		{B12702AD-ABFB-343A-A199-8E24837244A3}.Debug|Win32.Build.0 = Debug|Win32
		{B12702AD-ABFB-343A-A199-8E24837244A3}.Debug|x64.ActiveCfg = Debug|x64
		{B12702AD-ABFB-343A-A199-8E24837244A3}.Debug|x64.Build.0 = Debug|x64
		{B12702AD-ABFB-343A-A199-8E24837244A3}.Release|Mixed Platforms.ActiveCfg = Release|Win32
		{B12702AD-ABFB-343A-A199-8E24837244A3}.Release|Win32.ActiveCfg = Release|Win32
		{B12702AD-ABFB-343A-A199-8E24837244A3}.Release|Win32.Build.0 = Release|Win32
		{B12702AD-ABFB-343A-A199-8E24837244A3}.Release|x64.ActiveCfg = Release|x64
		{B12702AD-ABFB-343A-A199-8E24837244A3}.Release|x64.Build.0 = Release|x64
		{97676CB6-B850-4A73-95A9-DA87B50DE3B6}.Debug|Mixed Platforms.ActiveCfg = Debug|Win32
		{97676CB6-B850-4A73-95A9-DA87B50DE3B6}.Debug|Win32.ActiveCfg = Debug|Win32
		{97676CB6-B850-4A73-95A9-DA87B50DE3B6}.Debug|Win32.Build.0 = Debug|Win32
		{97676CB6-B850-4A73-95A9-DA87B50DE3B6}.Debug|x64.ActiveCfg = Debug|x64
		{97676CB6-B850-4A73-95A9-DA87B50DE3B6}.Debug|x64.Build.0 = Debug|x64
		{97676CB6-B850-4A73-95A9-DA87B50DE3B6}.Release|Mixed Platforms.ActiveCfg = Release|Win32
		{97676CB6-B850-4A73-95A9-DA87B50DE3B6}.Release|Win32.ActiveCfg = Release|Win32
		{97676CB6-B850-4A73-95A9-DA87B50DE3B6}.Release|Win32.Build.0 = Release|Win32
		{97676CB6-B850-4A73-95A9-DA87B50DE3B6}.Release|x64.ActiveCfg = Release|x64
		{97676CB6-B850-4A73-95A9-DA87B50DE3B6}.Release|x64.Build.0 = Release|x64
		{0132AFDA-DA55-46B8-82E3-2448FDF30A9F}.Debug|Mixed Platforms.ActiveCfg = Debug|Win32
		{0132AFDA-DA55-46B8-82E3-2448FDF30A9F}.Debug|Win32.ActiveCfg = Debug|Win32
		{0132AFDA-DA55-46B8-82E3-2448FDF30A9F}.Debug|Win32.Build.0 = Debug|Win32
		{0132AFDA-DA55-46B8-82E3-2448FDF30A9F}.Debug|x64.ActiveCfg = Debug|x64
		{0132AFDA-DA55-46B8-82E3-2448FDF30A9F}.Debug|x64.Build.0 = Debug|x64
		{0132AFDA-DA55-46B8-82E3-2448FDF30A9F}.Release|Mixed Platforms.ActiveCfg = Release|Win32
		{0132AFDA-DA55-46B8-82E3-2448FDF30A9F}.Release|Win32.ActiveCfg = Release|Win32
		{0132AFDA-DA55-46B8-82E3-2448FDF30A9F}.Release|Win32.Build.0 = Release|Win32
		{0132AFDA-DA55-46B8-82E3-2448FDF30A9F}.Release|x64.ActiveCfg = Release|x64
		{0132AFDA-DA55-46B8-82E3-2448FDF30A9F}.Release|x64.Build.0 = Release|x64
		{3787CEE7-0962-487C-B51B-E5C80FDB1817}.Debug|Mixed Platforms.ActiveCfg = Debug|Win32
		{3787CEE7-0962-487C-B51B-E5C80FDB1817}.Debug|Win32.ActiveCfg = Debug|Win32
		{3787CEE7-0962-487C-B51B-E5C80FDB1817}.Debug|Win32.Build.0 = Debug|Win32
		{3787CEE7-0962-487C-B51B-E5C80FDB1817}.Debug|x64.ActiveCfg = Debug|x64
		{3787CEE7-0962-487C-B51B-E5C80FDB1817}.Release|Mixed Platforms.ActiveCfg = Release|Win32
		{3787CEE7-0962-487C-B51B-E5C80FDB1817}.Release|Win32.ActiveCfg = Release|Win32
		{3787CEE7-0962-487C-B51B-E5C80FDB1817}.Release|Win32.Build.0 = Release|Win32
		{3787CEE7-0962-487C-B51B-E5C80FDB1817}.Release|x64.ActiveCfg = Release|x64
		{08BB8E77-2218-48FC-A6AE-E65F5036A62F}.Debug|Mixed Platforms.ActiveCfg = Debug|Win32
		{08BB8E77-2218-48FC-A6AE-E65F5036A62F}.Debug|Win32.ActiveCfg = Debug|Win32
		{08BB8E77-2218-48FC-A6AE-E65F5036A62F}.Debug|Win32.Build.0 = Debug|Win32
		{08BB8E77-2218-48FC-A6AE-E65F5036A62F}.Debug|x64.ActiveCfg = Debug|x64
		{08BB8E77-2218-48FC-A6AE-E65F5036A62F}.Debug|x64.Build.0 = Debug|x64
		{08BB8E77-2218-48FC-A6AE-E65F5036A62F}.Release|Mixed Platforms.ActiveCfg = Release|Win32
		{08BB8E77-2218-48FC-A6AE-E65F5036A62F}.Release|Win32.ActiveCfg = Release|Win32
		{08BB8E77-2218-48FC-A6AE-E65F5036A62F}.Release|Win32.Build.0 = Release|Win32
		{08BB8E77-2218-48FC-A6AE-E65F5036A62F}.Release|x64.ActiveCfg = Release|x64
		{08BB8E77-2218-48FC-A6AE-E65F5036A62F}.Release|x64.Build.0 = Release|x64
		{F25243E8-0CE9-46AE-BF97-7A69EDC5D22E}.Debug|Mixed Platforms.ActiveCfg = Debug|Win32
		{F25243E8-0CE9-46AE-BF97-7A69EDC5D22E}.Debug|Win32.ActiveCfg = Debug|Win32
		{F25243E8-0CE9-46AE-BF97-7A69EDC5D22E}.Debug|Win32.Build.0 = Debug|Win32
		{F25243E8-0CE9-46AE-BF97-7A69EDC5D22E}.Debug|x64.ActiveCfg = Debug|x64
		{F25243E8-0CE9-46AE-BF97-7A69EDC5D22E}.Debug|x64.Build.0 = Debug|x64
		{F25243E8-0CE9-46AE-BF97-7A69EDC5D22E}.Release|Mixed Platforms.ActiveCfg = Release|Win32
		{F25243E8-0CE9-46AE-BF97-7A69EDC5D22E}.Release|Win32.ActiveCfg = Release|Win32
		{F25243E8-0CE9-46AE-BF97-7A69EDC5D22E}.Release|Win32.Build.0 = Release|Win32
		{F25243E8-0CE9-46AE-BF97-7A69EDC5D22E}.Release|x64.ActiveCfg = Release|x64
		{F25243E8-0CE9-46AE-BF97-7A69EDC5D22E}.Release|x64.Build.0 = Release|x64
		{8E69B76F-387A-4F46-9067-455447EDCA46}.Debug|Mixed Platforms.ActiveCfg = Debug|Win32
		{8E69B76F-387A-4F46-9067-455447EDCA46}.Debug|Win32.ActiveCfg = Debug|Win32
		{8E69B76F-387A-4F46-9067-455447EDCA46}.Debug|x64.ActiveCfg = Debug|x64
		{8E69B76F-387A-4F46-9067-455447EDCA46}.Release|Mixed Platforms.ActiveCfg = Release|Win32
		{8E69B76F-387A-4F46-9067-455447EDCA46}.Release|Win32.ActiveCfg = Release|Win32
		{8E69B76F-387A-4F46-9067-455447EDCA46}.Release|x64.ActiveCfg = Release|x64
		{D77DB186-5346-4086-A67E-761DB33D2F5C}.Debug|Mixed Platforms.ActiveCfg = Debug|Win32
		{D77DB186-5346-4086-A67E-761DB33D2F5C}.Debug|Win32.ActiveCfg = Debug|Win32
		{D77DB186-5346-4086-A67E-761DB33D2F5C}.Debug|x64.ActiveCfg = Debug|x64
		{D77DB186-5346-4086-A67E-761DB33D2F5C}.Debug|x64.Build.0 = Debug|x64
		{D77DB186-5346-4086-A67E-761DB33D2F5C}.Release|Mixed Platforms.ActiveCfg = Release|Win32
		{D77DB186-5346-4086-A67E-761DB33D2F5C}.Release|Win32.ActiveCfg = Release|Win32
		{D77DB186-5346-4086-A67E-761DB33D2F5C}.Release|x64.ActiveCfg = Release|x64
		{D5420CE7-850F-4D7E-95FE-72643C3AD671}.Debug|Mixed Platforms.ActiveCfg = Debug|Win32
		{D5420CE7-850F-4D7E-95FE-72643C3AD671}.Debug|Win32.ActiveCfg = Debug|Win32
		{D5420CE7-850F-4D7E-95FE-72643C3AD671}.Debug|Win32.Build.0 = Debug|Win32
		{D5420CE7-850F-4D7E-95FE-72643C3AD671}.Debug|x64.ActiveCfg = Debug|x64
		{D5420CE7-850F-4D7E-95FE-72643C3AD671}.Debug|x64.Build.0 = Debug|x64
		{D5420CE7-850F-4D7E-95FE-72643C3AD671}.Release|Mixed Platforms.ActiveCfg = Release|Win32
		{D5420CE7-850F-4D7E-95FE-72643C3AD671}.Release|Win32.ActiveCfg = Release|Win32
		{D5420CE7-850F-4D7E-95FE-72643C3AD671}.Release|Win32.Build.0 = Release|Win32
		{D5420CE7-850F-4D7E-95FE-72643C3AD671}.Release|x64.ActiveCfg = Release|x64
		{D5420CE7-850F-4D7E-95FE-72643C3AD671}.Release|x64.Build.0 = Release|x64
		{57FCE151-C24D-42F4-BE53-7B1671312A78}.Debug|Mixed Platforms.ActiveCfg = Debug|Win32
		{57FCE151-C24D-42F4-BE53-7B1671312A78}.Debug|Win32.ActiveCfg = Debug|Win32
		{57FCE151-C24D-42F4-BE53-7B1671312A78}.Debug|Win32.Build.0 = Debug|Win32
		{57FCE151-C24D-42F4-BE53-7B1671312A78}.Debug|x64.ActiveCfg = Debug|x64
		{57FCE151-C24D-42F4-BE53-7B1671312A78}.Debug|x64.Build.0 = Debug|x64
		{57FCE151-C24D-42F4-BE53-7B1671312A78}.Release|Mixed Platforms.ActiveCfg = Release|Win32
		{57FCE151-C24D-42F4-BE53-7B1671312A78}.Release|Win32.ActiveCfg = Release|Win32
		{57FCE151-C24D-42F4-BE53-7B1671312A78}.Release|Win32.Build.0 = Release|Win32
		{57FCE151-C24D-42F4-BE53-7B1671312A78}.Release|x64.ActiveCfg = Release|x64
		{57FCE151-C24D-42F4-BE53-7B1671312A78}.Release|x64.Build.0 = Release|x64
		{01C52F03-5318-4F90-B0C8-EF7B52161763}.Debug|Mixed Platforms.ActiveCfg = Debug|Win32
		{01C52F03-5318-4F90-B0C8-EF7B52161763}.Debug|Win32.ActiveCfg = Debug|Win32
		{01C52F03-5318-4F90-B0C8-EF7B52161763}.Debug|Win32.Build.0 = Debug|Win32
		{01C52F03-5318-4F90-B0C8-EF7B52161763}.Debug|x64.ActiveCfg = Debug|x64
		{01C52F03-5318-4F90-B0C8-EF7B52161763}.Debug|x64.Build.0 = Debug|x64
		{01C52F03-5318-4F90-B0C8-EF7B52161763}.Release|Mixed Platforms.ActiveCfg = Release|Win32
		{01C52F03-5318-4F90-B0C8-EF7B52161763}.Release|Win32.ActiveCfg = Release|Win32
		{01C52F03-5318-4F90-B0C8-EF7B52161763}.Release|Win32.Build.0 = Release|Win32
		{01C52F03-5318-4F90-B0C8-EF7B52161763}.Release|x64.ActiveCfg = Release|x64
		{01C52F03-5318-4F90-B0C8-EF7B52161763}.Release|x64.Build.0 = Release|x64
		{AD193733-8C77-4A71-8BE5-9A2921DCBADE}.Debug|Mixed Platforms.ActiveCfg = Debug|Win32
		{AD193733-8C77-4A71-8BE5-9A2921DCBADE}.Debug|Win32.ActiveCfg = Debug|Win32
		{AD193733-8C77-4A71-8BE5-9A2921DCBADE}.Debug|Win32.Build.0 = Debug|Win32
		{AD193733-8C77-4A71-8BE5-9A2921DCBADE}.Debug|x64.ActiveCfg = Debug|x64
		{AD193733-8C77-4A71-8BE5-9A2921DCBADE}.Debug|x64.Build.0 = Debug|x64
		{AD193733-8C77-4A71-8BE5-9A2921DCBADE}.Release|Mixed Platforms.ActiveCfg = Release|Win32
		{AD193733-8C77-4A71-8BE5-9A2921DCBADE}.Release|Win32.ActiveCfg = Release|Win32
		{AD193733-8C77-4A71-8BE5-9A2921DCBADE}.Release|Win32.Build.0 = Release|Win32
		{AD193733-8C77-4A71-8BE5-9A2921DCBADE}.Release|x64.ActiveCfg = Release|x64
		{AD193733-8C77-4A71-8BE5-9A2921DCBADE}.Release|x64.Build.0 = Release|x64
		{25DCEB6C-2EEF-44EE-A323-698100ADA7AB}.Debug|Mixed Platforms.ActiveCfg = Debug|Win32
		{25DCEB6C-2EEF-44EE-A323-698100ADA7AB}.Debug|Win32.ActiveCfg = Debug|Win32
		{25DCEB6C-2EEF-44EE-A323-698100ADA7AB}.Debug|Win32.Build.0 = Debug|Win32
		{25DCEB6C-2EEF-44EE-A323-698100ADA7AB}.Debug|x64.ActiveCfg = Debug|x64
		{25DCEB6C-2EEF-44EE-A323-698100ADA7AB}.Debug|x64.Build.0 = Debug|x64
		{25DCEB6C-2EEF-44EE-A323-698100ADA7AB}.Release|Mixed Platforms.ActiveCfg = Release|Win32
		{25DCEB6C-2EEF-44EE-A323-698100ADA7AB}.Release|Win32.ActiveCfg = Release|Win32
		{25DCEB6C-2EEF-44EE-A323-698100ADA7AB}.Release|Win32.Build.0 = Release|Win32
		{25DCEB6C-2EEF-44EE-A323-698100ADA7AB}.Release|x64.ActiveCfg = Release|x64
		{25DCEB6C-2EEF-44EE-A323-698100ADA7AB}.Release|x64.Build.0 = Release|x64
		{11BF6A32-B50A-4112-9C7D-36D7537FD41E}.Debug|Mixed Platforms.ActiveCfg = Debug|Win32
		{11BF6A32-B50A-4112-9C7D-36D7537FD41E}.Debug|Win32.ActiveCfg = Debug|Win32
		{11BF6A32-B50A-4112-9C7D-36D7537FD41E}.Debug|Win32.Build.0 = Debug|Win32
		{11BF6A32-B50A-4112-9C7D-36D7537FD41E}.Debug|x64.ActiveCfg = Debug|x64
		{11BF6A32-B50A-4112-9C7D-36D7537FD41E}.Debug|x64.Build.0 = Debug|x64
		{11BF6A32-B50A-4112-9C7D-36D7537FD41E}.Release|Mixed Platforms.ActiveCfg = Release|Win32
		{11BF6A32-B50A-4112-9C7D-36D7537FD41E}.Release|Win32.ActiveCfg = Release|Win32
		{11BF6A32-B50A-4112-9C7D-36D7537FD41E}.Release|Win32.Build.0 = Release|Win32
		{11BF6A32-B50A-4112-9C7D-36D7537FD41E}.Release|x64.ActiveCfg = Release|x64
		{11BF6A32-B50A-4112-9C7D-36D7537FD41E}.Release|x64.Build.0 = Release|x64
		{D5424855-933D-4B30-B5B2-EF7CB8DA0F92}.Debug|Mixed Platforms.ActiveCfg = Debug|Win32
		{D5424855-933D-4B30-B5B2-EF7CB8DA0F92}.Debug|Win32.ActiveCfg = Debug|Win32
		{D5424855-933D-4B30-B5B2-EF7CB8DA0F92}.Debug|Win32.Build.0 = Debug|Win32
		{D5424855-933D-4B30-B5B2-EF7CB8DA0F92}.Debug|x64.ActiveCfg = Debug|x64
		{D5424855-933D-4B30-B5B2-EF7CB8DA0F92}.Debug|x64.Build.0 = Debug|x64
		{D5424855-933D-4B30-B5B2-EF7CB8DA0F92}.Release|Mixed Platforms.ActiveCfg = Release|Win32
		{D5424855-933D-4B30-B5B2-EF7CB8DA0F92}.Release|Win32.ActiveCfg = Release|Win32
		{D5424855-933D-4B30-B5B2-EF7CB8DA0F92}.Release|Win32.Build.0 = Release|Win32
		{D5424855-933D-4B30-B5B2-EF7CB8DA0F92}.Release|x64.ActiveCfg = Release|x64
		{D5424855-933D-4B30-B5B2-EF7CB8DA0F92}.Release|x64.Build.0 = Release|x64
		{4120E87C-8200-4EDE-A6DC-27CDE2F69DA4}.Debug|Mixed Platforms.ActiveCfg = Debug|Win32
		{4120E87C-8200-4EDE-A6DC-27CDE2F69DA4}.Debug|Win32.ActiveCfg = Debug|Win32
		{4120E87C-8200-4EDE-A6DC-27CDE2F69DA4}.Debug|Win32.Build.0 = Debug|Win32
		{4120E87C-8200-4EDE-A6DC-27CDE2F69DA4}.Debug|x64.ActiveCfg = Debug|x64
		{4120E87C-8200-4EDE-A6DC-27CDE2F69DA4}.Debug|x64.Build.0 = Debug|x64
		{4120E87C-8200-4EDE-A6DC-27CDE2F69DA4}.Release|Mixed Platforms.ActiveCfg = Release|Win32
		{4120E87C-8200-4EDE-A6DC-27CDE2F69DA4}.Release|Win32.ActiveCfg = Release|Win32
		{4120E87C-8200-4EDE-A6DC-27CDE2F69DA4}.Release|Win32.Build.0 = Release|Win32
		{4120E87C-8200-4EDE-A6DC-27CDE2F69DA4}.Release|x64.ActiveCfg = Release|x64
		{4120E87C-8200-4EDE-A6DC-27CDE2F69DA4}.Release|x64.Build.0 = Release|x64
		{8263460D-4ED1-4C10-877D-D02776E0D713}.Debug|Mixed Platforms.ActiveCfg = Debug|Win32
		{8263460D-4ED1-4C10-877D-D02776E0D713}.Debug|Mixed Platforms.Build.0 = Debug|Win32
		{8263460D-4ED1-4C10-877D-D02776E0D713}.Debug|Win32.ActiveCfg = Debug|Win32
		{8263460D-4ED1-4C10-877D-D02776E0D713}.Debug|Win32.Build.0 = Debug|Win32
		{8263460D-4ED1-4C10-877D-D02776E0D713}.Debug|x64.ActiveCfg = Debug|x64
		{8263460D-4ED1-4C10-877D-D02776E0D713}.Debug|x64.Build.0 = Debug|x64
		{8263460D-4ED1-4C10-877D-D02776E0D713}.Release|Mixed Platforms.ActiveCfg = Release|Win32
		{8263460D-4ED1-4C10-877D-D02776E0D713}.Release|Mixed Platforms.Build.0 = Release|Win32
		{8263460D-4ED1-4C10-877D-D02776E0D713}.Release|Win32.ActiveCfg = Release|Win32
		{8263460D-4ED1-4C10-877D-D02776E0D713}.Release|Win32.Build.0 = Release|Win32
		{8263460D-4ED1-4C10-877D-D02776E0D713}.Release|x64.ActiveCfg = Release|x64
		{8263460D-4ED1-4C10-877D-D02776E0D713}.Release|x64.Build.0 = Release|x64
		{407FEF17-4955-44DA-AC4A-A1A3B4E2CDE1}.Debug|Mixed Platforms.ActiveCfg = Debug|Win32
		{407FEF17-4955-44DA-AC4A-A1A3B4E2CDE1}.Debug|Mixed Platforms.Build.0 = Debug|Win32
		{407FEF17-4955-44DA-AC4A-A1A3B4E2CDE1}.Debug|Win32.ActiveCfg = Debug|Win32
		{407FEF17-4955-44DA-AC4A-A1A3B4E2CDE1}.Debug|Win32.Build.0 = Debug|Win32
		{407FEF17-4955-44DA-AC4A-A1A3B4E2CDE1}.Debug|x64.ActiveCfg = Debug|x64
		{407FEF17-4955-44DA-AC4A-A1A3B4E2CDE1}.Debug|x64.Build.0 = Debug|x64
		{407FEF17-4955-44DA-AC4A-A1A3B4E2CDE1}.Release|Mixed Platforms.ActiveCfg = Release|Win32
		{407FEF17-4955-44DA-AC4A-A1A3B4E2CDE1}.Release|Mixed Platforms.Build.0 = Release|Win32
		{407FEF17-4955-44DA-AC4A-A1A3B4E2CDE1}.Release|Win32.ActiveCfg = Release|Win32
		{407FEF17-4955-44DA-AC4A-A1A3B4E2CDE1}.Release|Win32.Build.0 = Release|Win32
		{407FEF17-4955-44DA-AC4A-A1A3B4E2CDE1}.Release|x64.ActiveCfg = Release|x64
		{407FEF17-4955-44DA-AC4A-A1A3B4E2CDE1}.Release|x64.Build.0 = Release|x64
		{B29DEFF2-0824-4C8E-B71E-DA9E354E2AA8}.Debug|Mixed Platforms.ActiveCfg = Debug|Win32
		{B29DEFF2-0824-4C8E-B71E-DA9E354E2AA8}.Debug|Mixed Platforms.Build.0 = Debug|Win32
		{B29DEFF2-0824-4C8E-B71E-DA9E354E2AA8}.Debug|Win32.ActiveCfg = Debug|Win32
		{B29DEFF2-0824-4C8E-B71E-DA9E354E2AA8}.Debug|Win32.Build.0 = Debug|Win32
		{B29DEFF2-0824-4C8E-B71E-DA9E354E2AA8}.Debug|x64.ActiveCfg = Debug|Win32
		{B29DEFF2-0824-4C8E-B71E-DA9E354E2AA8}.Release|Mixed Platforms.ActiveCfg = Release|Win32
		{B29DEFF2-0824-4C8E-B71E-DA9E354E2AA8}.Release|Mixed Platforms.Build.0 = Release|Win32
		{B29DEFF2-0824-4C8E-B71E-DA9E354E2AA8}.Release|Win32.ActiveCfg = Release|Win32
		{B29DEFF2-0824-4C8E-B71E-DA9E354E2AA8}.Release|Win32.Build.0 = Release|Win32
		{B29DEFF2-0824-4C8E-B71E-DA9E354E2AA8}.Release|x64.ActiveCfg = Release|Win32
		{7A9500BD-FE24-4B04-8783-3E4931E9872A}.Debug|Mixed Platforms.ActiveCfg = Debug|Win32
		{7A9500BD-FE24-4B04-8783-3E4931E9872A}.Debug|Mixed Platforms.Build.0 = Debug|Win32
		{7A9500BD-FE24-4B04-8783-3E4931E9872A}.Debug|Win32.ActiveCfg = Debug|Win32
		{7A9500BD-FE24-4B04-8783-3E4931E9872A}.Debug|Win32.Build.0 = Debug|Win32
		{7A9500BD-FE24-4B04-8783-3E4931E9872A}.Debug|x64.ActiveCfg = Debug|x64
		{7A9500BD-FE24-4B04-8783-3E4931E9872A}.Debug|x64.Build.0 = Debug|x64
		{7A9500BD-FE24-4B04-8783-3E4931E9872A}.Release|Mixed Platforms.ActiveCfg = Release|Win32
		{7A9500BD-FE24-4B04-8783-3E4931E9872A}.Release|Mixed Platforms.Build.0 = Release|Win32
		{7A9500BD-FE24-4B04-8783-3E4931E9872A}.Release|Win32.ActiveCfg = Release|Win32
		{7A9500BD-FE24-4B04-8783-3E4931E9872A}.Release|Win32.Build.0 = Release|Win32
		{7A9500BD-FE24-4B04-8783-3E4931E9872A}.Release|x64.ActiveCfg = Release|x64
		{7A9500BD-FE24-4B04-8783-3E4931E9872A}.Release|x64.Build.0 = Release|x64
	EndGlobalSection
	GlobalSection(SolutionProperties) = preSolution
		HideSolutionNode = FALSE
	EndGlobalSection
	GlobalSection(NestedProjects) = preSolution
		{0132AFDA-DA55-46B8-82E3-2448FDF30A9F} = {F38382A1-0426-4F65-B44E-AE708D8D6616}
		{3787CEE7-0962-487C-B51B-E5C80FDB1817} = {F38382A1-0426-4F65-B44E-AE708D8D6616}
		{08BB8E77-2218-48FC-A6AE-E65F5036A62F} = {F38382A1-0426-4F65-B44E-AE708D8D6616}
		{F25243E8-0CE9-46AE-BF97-7A69EDC5D22E} = {F38382A1-0426-4F65-B44E-AE708D8D6616}
		{8E69B76F-387A-4F46-9067-455447EDCA46} = {F38382A1-0426-4F65-B44E-AE708D8D6616}
		{D77DB186-5346-4086-A67E-761DB33D2F5C} = {F38382A1-0426-4F65-B44E-AE708D8D6616}
		{D5420CE7-850F-4D7E-95FE-72643C3AD671} = {F38382A1-0426-4F65-B44E-AE708D8D6616}
		{57FCE151-C24D-42F4-BE53-7B1671312A78} = {F38382A1-0426-4F65-B44E-AE708D8D6616}
		{8263460D-4ED1-4C10-877D-D02776E0D713} = {F38382A1-0426-4F65-B44E-AE708D8D6616}
		{407FEF17-4955-44DA-AC4A-A1A3B4E2CDE1} = {F38382A1-0426-4F65-B44E-AE708D8D6616}
		{B29DEFF2-0824-4C8E-B71E-DA9E354E2AA8} = {F38382A1-0426-4F65-B44E-AE708D8D6616}
		{7A9500BD-FE24-4B04-8783-3E4931E9872A} = {F38382A1-0426-4F65-B44E-AE708D8D6616}
	EndGlobalSection
	GlobalSection(ExtensibilityGlobals) = postSolution
		Qt5Version = msvc2013
	EndGlobalSection
EndGlobal
